<?xml version="1.0" encoding="utf-8"?>
<Project ToolsVersion="4.0" xmlns="http://schemas.microsoft.com/developer/msbuild/2003">
  <ItemGroup>
    <Filter Include="Source Files">
      <UniqueIdentifier>{4FC737F1-C7A5-4376-A066-2A32D752A2FF}</UniqueIdentifier>
      <Extensions>cpp;c;cc;cxx;def;odl;idl;hpj;bat;asm;asmx</Extensions>
    </Filter>
    <Filter Include="Header Files">
      <UniqueIdentifier>{93995380-89BD-4b04-88EB-625FBE52EBFB}</UniqueIdentifier>
      <Extensions>h;hpp;hxx;hm;inl;inc;xsd</Extensions>
    </Filter>
    <Filter Include="GameEffectBase">
      <UniqueIdentifier>{16004d12-5336-48ed-a11c-a5bc19c7d48d}</UniqueIdentifier>
    </Filter>
    <Filter Include="GameEffectManager">
      <UniqueIdentifier>{38518bbc-0b1b-4f87-bb74-7a35519c1f5c}</UniqueIdentifier>
    </Filter>
    <Filter Include="CardMarquee">
      <UniqueIdentifier>{94da3fdf-9bf4-4ee0-a9a0-0b6d85f97045}</UniqueIdentifier>
    </Filter>
    <Filter Include="ScoreWithCoin">
      <UniqueIdentifier>{102c0d43-441a-4c7b-a57c-fca024ff212b}</UniqueIdentifier>
    </Filter>
  </ItemGroup>
  <ItemGroup>
    <ClCompile Include="stdafx.cpp">
      <Filter>Source Files</Filter>
    </ClCompile>
    <ClCompile Include="GameEffectBase.cpp">
      <Filter>GameEffectBase</Filter>
    </ClCompile>
    <ClCompile Include="GameEffectDataParse.cpp">
      <Filter>GameEffectBase</Filter>
    </ClCompile>
    <ClCompile Include="GameEffectCardMarquee.cpp">
      <Filter>CardMarquee</Filter>
    </ClCompile>
    <ClCompile Include="GameEffectScoreWithCoin.cpp">
      <Filter>ScoreWithCoin</Filter>
    </ClCompile>
  </ItemGroup>
  <ItemGroup>
    <ClInclude Include="AllGameEffectInclude.h">
      <Filter>Header Files</Filter>
    </ClInclude>
    <ClInclude Include="stdafx.h">
      <Filter>Header Files</Filter>
    </ClInclude>
    <ClInclude Include="GameEffectBase.h">
      <Filter>GameEffectBase</Filter>
    </ClInclude>
    <ClInclude Include="GameEffectCardMarquee.h">
      <Filter>CardMarquee</Filter>
    </ClInclude>
    <ClInclude Include="GameEffectScoreWithCoin.h">
      <Filter>ScoreWithCoin</Filter>
    </ClInclude>
  </ItemGroup>
</Project>