
Microsoft Visual Studio Solution File, Format Version 12.00
# Visual Studio Version 17
VisualStudioVersion = 17.4.33122.133
MinimumVisualStudioVersion = 10.0.40219.1
Project("{8BC9CEB8-8B4A-11D0-8D11-00A0C91BC942}") = "GameApp_Win32", "Win32Test\Win32Test.vcxproj", "{77E00846-770C-45AA-99A1-EF295FB97B74}"
EndProject
Project("{8BC9CEB8-8B4A-11D0-8D11-00A0C91BC942}") = "Core", "..\..\..\FM79979\Src\FM79979Engine\Core\Core.vcxproj", "{D5962A80-CFCF-437A-B224-01C03CF9FD1A}"
EndProject
Project("{8BC9CEB8-8B4A-11D0-8D11-00A0C91BC942}") = "FatmingAI", "..\..\..\FM79979\Src\FM79979Engine\Core\FatmingAI\FatmingAI.vcxproj", "{377C8B76-B1E4-4004-83E6-65C42799380E}"
EndProject
Project("{8BC9CEB8-8B4A-11D0-8D11-00A0C91BC942}") = "FMEvent", "..\..\..\FM79979\Src\FM79979Engine\Core\FMEvent\Event.vcxproj", "{CB79DCA3-5F7A-423F-BA3E-01DF441C06B1}"
EndProject
Project("{8BC9CEB8-8B4A-11D0-8D11-00A0C91BC942}") = "Bullet", "..\..\..\FM79979\Src\FM79979Engine\Core\GameplayUT\Physic\Bullet\Bullet.vcxproj", "{B97AEE71-62EC-40F0-ABD0-6EABF0787A3E}"
EndProject
Project("{8BC9CEB8-8B4A-11D0-8D11-00A0C91BC942}") = "FishGameLib", "FishGameLib\FishGameLib.vcxproj", "{3E50106F-529F-435F-A2EC-11918C3C8B40}"
EndProject
Global
	GlobalSection(SolutionConfigurationPlatforms) = preSolution
		Debug_NoPthread|Emscripten = Debug_NoPthread|Emscripten
		Debug_NoPthread|x64 = Debug_NoPthread|x64
		Debug|Emscripten = Debug|Emscripten
		Debug|x64 = Debug|x64
		DebugFixedPipeline|Emscripten = DebugFixedPipeline|Emscripten
		DebugFixedPipeline|x64 = DebugFixedPipeline|x64
		DotNetDebug|Emscripten = DotNetDebug|Emscripten
		DotNetDebug|x64 = DotNetDebug|x64
		DotNetRelease|Emscripten = DotNetRelease|Emscripten
		DotNetRelease|x64 = DotNetRelease|x64
		MT|Emscripten = MT|Emscripten
		MT|x64 = MT|x64
		RamdiskDebug|Emscripten = RamdiskDebug|Emscripten
		RamdiskDebug|x64 = RamdiskDebug|x64
		RamdiskDebugFixedPipeline|Emscripten = RamdiskDebugFixedPipeline|Emscripten
		RamdiskDebugFixedPipeline|x64 = RamdiskDebugFixedPipeline|x64
		RamDiskFixedPipelineRelease|Emscripten = RamDiskFixedPipelineRelease|Emscripten
		RamDiskFixedPipelineRelease|x64 = RamDiskFixedPipelineRelease|x64
		RamdiskRelease|Emscripten = RamdiskRelease|Emscripten
		RamdiskRelease|x64 = RamdiskRelease|x64
		Release_NoPthread|Emscripten = Release_NoPthread|Emscripten
		Release_NoPthread|x64 = Release_NoPthread|x64
		Release|Emscripten = Release|Emscripten
		Release|x64 = Release|x64
		ReleaseFixedPipeline|Emscripten = ReleaseFixedPipeline|Emscripten
		ReleaseFixedPipeline|x64 = ReleaseFixedPipeline|x64
	EndGlobalSection
	GlobalSection(ProjectConfigurationPlatforms) = postSolution
		{77E00846-770C-45AA-99A1-EF295FB97B74}.Debug_NoPthread|Emscripten.ActiveCfg = DebugFixedPipeline|Win32
		{77E00846-770C-45AA-99A1-EF295FB97B74}.Debug_NoPthread|Emscripten.Build.0 = DebugFixedPipeline|Win32
		{77E00846-770C-45AA-99A1-EF295FB97B74}.Debug_NoPthread|x64.ActiveCfg = DebugFixedPipeline|Win32
		{77E00846-770C-45AA-99A1-EF295FB97B74}.Debug_NoPthread|x64.Build.0 = DebugFixedPipeline|Win32
		{77E00846-770C-45AA-99A1-EF295FB97B74}.Debug|Emscripten.ActiveCfg = Debug|Win32
		{77E00846-770C-45AA-99A1-EF295FB97B74}.Debug|Emscripten.Build.0 = Debug|Win32
		{77E00846-770C-45AA-99A1-EF295FB97B74}.Debug|x64.ActiveCfg = Debug|Win32
		{77E00846-770C-45AA-99A1-EF295FB97B74}.Debug|x64.Build.0 = Debug|Win32
		{77E00846-770C-45AA-99A1-EF295FB97B74}.DebugFixedPipeline|Emscripten.ActiveCfg = DebugFixedPipeline|Win32
		{77E00846-770C-45AA-99A1-EF295FB97B74}.DebugFixedPipeline|Emscripten.Build.0 = DebugFixedPipeline|Win32
		{77E00846-770C-45AA-99A1-EF295FB97B74}.DebugFixedPipeline|x64.ActiveCfg = DebugFixedPipeline|Win32
		{77E00846-770C-45AA-99A1-EF295FB97B74}.DebugFixedPipeline|x64.Build.0 = DebugFixedPipeline|Win32
		{77E00846-770C-45AA-99A1-EF295FB97B74}.DotNetDebug|Emscripten.ActiveCfg = DebugFixedPipeline|Win32
		{77E00846-770C-45AA-99A1-EF295FB97B74}.DotNetDebug|Emscripten.Build.0 = DebugFixedPipeline|Win32
		{77E00846-770C-45AA-99A1-EF295FB97B74}.DotNetDebug|x64.ActiveCfg = DebugFixedPipeline|Win32
		{77E00846-770C-45AA-99A1-EF295FB97B74}.DotNetDebug|x64.Build.0 = DebugFixedPipeline|Win32
		{77E00846-770C-45AA-99A1-EF295FB97B74}.DotNetRelease|Emscripten.ActiveCfg = DebugFixedPipeline|Win32
		{77E00846-770C-45AA-99A1-EF295FB97B74}.DotNetRelease|Emscripten.Build.0 = DebugFixedPipeline|Win32
		{77E00846-770C-45AA-99A1-EF295FB97B74}.DotNetRelease|x64.ActiveCfg = DebugFixedPipeline|Win32
		{77E00846-770C-45AA-99A1-EF295FB97B74}.DotNetRelease|x64.Build.0 = DebugFixedPipeline|Win32
		{77E00846-770C-45AA-99A1-EF295FB97B74}.MT|Emscripten.ActiveCfg = MT|Win32
		{77E00846-770C-45AA-99A1-EF295FB97B74}.MT|Emscripten.Build.0 = MT|Win32
		{77E00846-770C-45AA-99A1-EF295FB97B74}.MT|x64.ActiveCfg = MT|Win32
		{77E00846-770C-45AA-99A1-EF295FB97B74}.MT|x64.Build.0 = MT|Win32
		{77E00846-770C-45AA-99A1-EF295FB97B74}.RamdiskDebug|Emscripten.ActiveCfg = ReleaseFixedpipeline|Win32
		{77E00846-770C-45AA-99A1-EF295FB97B74}.RamdiskDebug|Emscripten.Build.0 = ReleaseFixedpipeline|Win32
		{77E00846-770C-45AA-99A1-EF295FB97B74}.RamdiskDebug|x64.ActiveCfg = ReleaseFixedpipeline|Win32
		{77E00846-770C-45AA-99A1-EF295FB97B74}.RamdiskDebug|x64.Build.0 = ReleaseFixedpipeline|Win32
		{77E00846-770C-45AA-99A1-EF295FB97B74}.RamdiskDebugFixedPipeline|Emscripten.ActiveCfg = ReleaseFixedpipeline|Win32
		{77E00846-770C-45AA-99A1-EF295FB97B74}.RamdiskDebugFixedPipeline|Emscripten.Build.0 = ReleaseFixedpipeline|Win32
		{77E00846-770C-45AA-99A1-EF295FB97B74}.RamdiskDebugFixedPipeline|x64.ActiveCfg = ReleaseFixedpipeline|Win32
		{77E00846-770C-45AA-99A1-EF295FB97B74}.RamdiskDebugFixedPipeline|x64.Build.0 = ReleaseFixedpipeline|Win32
		{77E00846-770C-45AA-99A1-EF295FB97B74}.RamDiskFixedPipelineRelease|Emscripten.ActiveCfg = ReleaseFixedpipeline|Win32
		{77E00846-770C-45AA-99A1-EF295FB97B74}.RamDiskFixedPipelineRelease|Emscripten.Build.0 = ReleaseFixedpipeline|Win32
		{77E00846-770C-45AA-99A1-EF295FB97B74}.RamDiskFixedPipelineRelease|x64.ActiveCfg = ReleaseFixedpipeline|Win32
		{77E00846-770C-45AA-99A1-EF295FB97B74}.RamDiskFixedPipelineRelease|x64.Build.0 = ReleaseFixedpipeline|Win32
		{77E00846-770C-45AA-99A1-EF295FB97B74}.RamdiskRelease|Emscripten.ActiveCfg = ReleaseFixedpipeline|Win32
		{77E00846-770C-45AA-99A1-EF295FB97B74}.RamdiskRelease|Emscripten.Build.0 = ReleaseFixedpipeline|Win32
		{77E00846-770C-45AA-99A1-EF295FB97B74}.RamdiskRelease|x64.ActiveCfg = ReleaseFixedpipeline|Win32
		{77E00846-770C-45AA-99A1-EF295FB97B74}.RamdiskRelease|x64.Build.0 = ReleaseFixedpipeline|Win32
		{77E00846-770C-45AA-99A1-EF295FB97B74}.Release_NoPthread|Emscripten.ActiveCfg = ReleaseFixedpipeline|Win32
		{77E00846-770C-45AA-99A1-EF295FB97B74}.Release_NoPthread|Emscripten.Build.0 = ReleaseFixedpipeline|Win32
		{77E00846-770C-45AA-99A1-EF295FB97B74}.Release_NoPthread|x64.ActiveCfg = ReleaseFixedpipeline|Win32
		{77E00846-770C-45AA-99A1-EF295FB97B74}.Release_NoPthread|x64.Build.0 = ReleaseFixedpipeline|Win32
		{77E00846-770C-45AA-99A1-EF295FB97B74}.Release|Emscripten.ActiveCfg = Release|Win32
		{77E00846-770C-45AA-99A1-EF295FB97B74}.Release|Emscripten.Build.0 = Release|Win32
		{77E00846-770C-45AA-99A1-EF295FB97B74}.Release|x64.ActiveCfg = Release|Win32
		{77E00846-770C-45AA-99A1-EF295FB97B74}.Release|x64.Build.0 = Release|Win32
		{77E00846-770C-45AA-99A1-EF295FB97B74}.ReleaseFixedPipeline|Emscripten.ActiveCfg = ReleaseFixedpipeline|Win32
		{77E00846-770C-45AA-99A1-EF295FB97B74}.ReleaseFixedPipeline|Emscripten.Build.0 = ReleaseFixedpipeline|Win32
		{77E00846-770C-45AA-99A1-EF295FB97B74}.ReleaseFixedPipeline|x64.ActiveCfg = ReleaseFixedpipeline|Win32
		{77E00846-770C-45AA-99A1-EF295FB97B74}.ReleaseFixedPipeline|x64.Build.0 = ReleaseFixedpipeline|Win32
		{D5962A80-CFCF-437A-B224-01C03CF9FD1A}.Debug_NoPthread|Emscripten.ActiveCfg = Debug_NoPthread|Emscripten
		{D5962A80-CFCF-437A-B224-01C03CF9FD1A}.Debug_NoPthread|Emscripten.Build.0 = Debug_NoPthread|Emscripten
		{D5962A80-CFCF-437A-B224-01C03CF9FD1A}.Debug_NoPthread|x64.ActiveCfg = Debug_NoPthread|x64
		{D5962A80-CFCF-437A-B224-01C03CF9FD1A}.Debug_NoPthread|x64.Build.0 = Debug_NoPthread|x64
		{D5962A80-CFCF-437A-B224-01C03CF9FD1A}.Debug|Emscripten.ActiveCfg = Debug|Emscripten
		{D5962A80-CFCF-437A-B224-01C03CF9FD1A}.Debug|Emscripten.Build.0 = Debug|Emscripten
		{D5962A80-CFCF-437A-B224-01C03CF9FD1A}.Debug|x64.ActiveCfg = Debug|x64
		{D5962A80-CFCF-437A-B224-01C03CF9FD1A}.Debug|x64.Build.0 = Debug|x64
		{D5962A80-CFCF-437A-B224-01C03CF9FD1A}.DebugFixedPipeline|Emscripten.ActiveCfg = Debug_NoPthread|Emscripten
		{D5962A80-CFCF-437A-B224-01C03CF9FD1A}.DebugFixedPipeline|Emscripten.Build.0 = Debug_NoPthread|Emscripten
		{D5962A80-CFCF-437A-B224-01C03CF9FD1A}.DebugFixedPipeline|x64.ActiveCfg = Debug_NoPthread|x64
		{D5962A80-CFCF-437A-B224-01C03CF9FD1A}.DebugFixedPipeline|x64.Build.0 = Debug_NoPthread|x64
		{D5962A80-CFCF-437A-B224-01C03CF9FD1A}.DotNetDebug|Emscripten.ActiveCfg = Debug_NoPthread|Emscripten
		{D5962A80-CFCF-437A-B224-01C03CF9FD1A}.DotNetDebug|Emscripten.Build.0 = Debug_NoPthread|Emscripten
		{D5962A80-CFCF-437A-B224-01C03CF9FD1A}.DotNetDebug|x64.ActiveCfg = Debug_NoPthread|x64
		{D5962A80-CFCF-437A-B224-01C03CF9FD1A}.DotNetDebug|x64.Build.0 = Debug_NoPthread|x64
		{D5962A80-CFCF-437A-B224-01C03CF9FD1A}.DotNetRelease|Emscripten.ActiveCfg = Debug_NoPthread|Emscripten
		{D5962A80-CFCF-437A-B224-01C03CF9FD1A}.DotNetRelease|Emscripten.Build.0 = Debug_NoPthread|Emscripten
		{D5962A80-CFCF-437A-B224-01C03CF9FD1A}.DotNetRelease|x64.ActiveCfg = Debug_NoPthread|x64
		{D5962A80-CFCF-437A-B224-01C03CF9FD1A}.DotNetRelease|x64.Build.0 = Debug_NoPthread|x64
		{D5962A80-CFCF-437A-B224-01C03CF9FD1A}.MT|Emscripten.ActiveCfg = Debug_NoPthread|Emscripten
		{D5962A80-CFCF-437A-B224-01C03CF9FD1A}.MT|Emscripten.Build.0 = Debug_NoPthread|Emscripten
		{D5962A80-CFCF-437A-B224-01C03CF9FD1A}.MT|x64.ActiveCfg = Debug_NoPthread|x64
		{D5962A80-CFCF-437A-B224-01C03CF9FD1A}.MT|x64.Build.0 = Debug_NoPthread|x64
		{D5962A80-CFCF-437A-B224-01C03CF9FD1A}.RamdiskDebug|Emscripten.ActiveCfg = Release_NoPthread|Emscripten
		{D5962A80-CFCF-437A-B224-01C03CF9FD1A}.RamdiskDebug|Emscripten.Build.0 = Release_NoPthread|Emscripten
		{D5962A80-CFCF-437A-B224-01C03CF9FD1A}.RamdiskDebug|x64.ActiveCfg = Release_NoPthread|x64
		{D5962A80-CFCF-437A-B224-01C03CF9FD1A}.RamdiskDebug|x64.Build.0 = Release_NoPthread|x64
		{D5962A80-CFCF-437A-B224-01C03CF9FD1A}.RamdiskDebugFixedPipeline|Emscripten.ActiveCfg = Release_NoPthread|Emscripten
		{D5962A80-CFCF-437A-B224-01C03CF9FD1A}.RamdiskDebugFixedPipeline|Emscripten.Build.0 = Release_NoPthread|Emscripten
		{D5962A80-CFCF-437A-B224-01C03CF9FD1A}.RamdiskDebugFixedPipeline|x64.ActiveCfg = Release_NoPthread|x64
		{D5962A80-CFCF-437A-B224-01C03CF9FD1A}.RamdiskDebugFixedPipeline|x64.Build.0 = Release_NoPthread|x64
		{D5962A80-CFCF-437A-B224-01C03CF9FD1A}.RamDiskFixedPipelineRelease|Emscripten.ActiveCfg = Release_NoPthread|Emscripten
		{D5962A80-CFCF-437A-B224-01C03CF9FD1A}.RamDiskFixedPipelineRelease|Emscripten.Build.0 = Release_NoPthread|Emscripten
		{D5962A80-CFCF-437A-B224-01C03CF9FD1A}.RamDiskFixedPipelineRelease|x64.ActiveCfg = Release_NoPthread|x64
		{D5962A80-CFCF-437A-B224-01C03CF9FD1A}.RamDiskFixedPipelineRelease|x64.Build.0 = Release_NoPthread|x64
		{D5962A80-CFCF-437A-B224-01C03CF9FD1A}.RamdiskRelease|Emscripten.ActiveCfg = Release_NoPthread|Emscripten
		{D5962A80-CFCF-437A-B224-01C03CF9FD1A}.RamdiskRelease|Emscripten.Build.0 = Release_NoPthread|Emscripten
		{D5962A80-CFCF-437A-B224-01C03CF9FD1A}.RamdiskRelease|x64.ActiveCfg = Release_NoPthread|x64
		{D5962A80-CFCF-437A-B224-01C03CF9FD1A}.RamdiskRelease|x64.Build.0 = Release_NoPthread|x64
		{D5962A80-CFCF-437A-B224-01C03CF9FD1A}.Release_NoPthread|Emscripten.ActiveCfg = Release_NoPthread|Emscripten
		{D5962A80-CFCF-437A-B224-01C03CF9FD1A}.Release_NoPthread|Emscripten.Build.0 = Release_NoPthread|Emscripten
		{D5962A80-CFCF-437A-B224-01C03CF9FD1A}.Release_NoPthread|x64.ActiveCfg = Release_NoPthread|x64
		{D5962A80-CFCF-437A-B224-01C03CF9FD1A}.Release_NoPthread|x64.Build.0 = Release_NoPthread|x64
		{D5962A80-CFCF-437A-B224-01C03CF9FD1A}.Release|Emscripten.ActiveCfg = Release|Emscripten
		{D5962A80-CFCF-437A-B224-01C03CF9FD1A}.Release|Emscripten.Build.0 = Release|Emscripten
		{D5962A80-CFCF-437A-B224-01C03CF9FD1A}.Release|x64.ActiveCfg = Release|x64
		{D5962A80-CFCF-437A-B224-01C03CF9FD1A}.Release|x64.Build.0 = Release|x64
		{D5962A80-CFCF-437A-B224-01C03CF9FD1A}.ReleaseFixedPipeline|Emscripten.ActiveCfg = Release_NoPthread|Emscripten
		{D5962A80-CFCF-437A-B224-01C03CF9FD1A}.ReleaseFixedPipeline|Emscripten.Build.0 = Release_NoPthread|Emscripten
		{D5962A80-CFCF-437A-B224-01C03CF9FD1A}.ReleaseFixedPipeline|x64.ActiveCfg = Release_NoPthread|x64
		{D5962A80-CFCF-437A-B224-01C03CF9FD1A}.ReleaseFixedPipeline|x64.Build.0 = Release_NoPthread|x64
		{377C8B76-B1E4-4004-83E6-65C42799380E}.Debug_NoPthread|Emscripten.ActiveCfg = Debug|Emscripten
		{377C8B76-B1E4-4004-83E6-65C42799380E}.Debug_NoPthread|Emscripten.Build.0 = Debug|Emscripten
		{377C8B76-B1E4-4004-83E6-65C42799380E}.Debug_NoPthread|x64.ActiveCfg = Debug|x64
		{377C8B76-B1E4-4004-83E6-65C42799380E}.Debug_NoPthread|x64.Build.0 = Debug|x64
		{377C8B76-B1E4-4004-83E6-65C42799380E}.Debug|Emscripten.ActiveCfg = Debug|Emscripten
		{377C8B76-B1E4-4004-83E6-65C42799380E}.Debug|Emscripten.Build.0 = Debug|Emscripten
		{377C8B76-B1E4-4004-83E6-65C42799380E}.Debug|x64.ActiveCfg = Debug|x64
		{377C8B76-B1E4-4004-83E6-65C42799380E}.Debug|x64.Build.0 = Debug|x64
		{377C8B76-B1E4-4004-83E6-65C42799380E}.DebugFixedPipeline|Emscripten.ActiveCfg = Debug|Emscripten
		{377C8B76-B1E4-4004-83E6-65C42799380E}.DebugFixedPipeline|Emscripten.Build.0 = Debug|Emscripten
		{377C8B76-B1E4-4004-83E6-65C42799380E}.DebugFixedPipeline|x64.ActiveCfg = Debug|x64
		{377C8B76-B1E4-4004-83E6-65C42799380E}.DebugFixedPipeline|x64.Build.0 = Debug|x64
		{377C8B76-B1E4-4004-83E6-65C42799380E}.DotNetDebug|Emscripten.ActiveCfg = Debug|Emscripten
		{377C8B76-B1E4-4004-83E6-65C42799380E}.DotNetDebug|Emscripten.Build.0 = Debug|Emscripten
		{377C8B76-B1E4-4004-83E6-65C42799380E}.DotNetDebug|x64.ActiveCfg = Debug|x64
		{377C8B76-B1E4-4004-83E6-65C42799380E}.DotNetDebug|x64.Build.0 = Debug|x64
		{377C8B76-B1E4-4004-83E6-65C42799380E}.DotNetRelease|Emscripten.ActiveCfg = Release|Emscripten
		{377C8B76-B1E4-4004-83E6-65C42799380E}.DotNetRelease|Emscripten.Build.0 = Release|Emscripten
		{377C8B76-B1E4-4004-83E6-65C42799380E}.DotNetRelease|x64.ActiveCfg = Release|x64
		{377C8B76-B1E4-4004-83E6-65C42799380E}.DotNetRelease|x64.Build.0 = Release|x64
		{377C8B76-B1E4-4004-83E6-65C42799380E}.MT|Emscripten.ActiveCfg = Release|Emscripten
		{377C8B76-B1E4-4004-83E6-65C42799380E}.MT|Emscripten.Build.0 = Release|Emscripten
		{377C8B76-B1E4-4004-83E6-65C42799380E}.MT|x64.ActiveCfg = Debug|x64
		{377C8B76-B1E4-4004-83E6-65C42799380E}.MT|x64.Build.0 = Debug|x64
		{377C8B76-B1E4-4004-83E6-65C42799380E}.RamdiskDebug|Emscripten.ActiveCfg = Release|Emscripten
		{377C8B76-B1E4-4004-83E6-65C42799380E}.RamdiskDebug|Emscripten.Build.0 = Release|Emscripten
		{377C8B76-B1E4-4004-83E6-65C42799380E}.RamdiskDebug|x64.ActiveCfg = Release|x64
		{377C8B76-B1E4-4004-83E6-65C42799380E}.RamdiskDebug|x64.Build.0 = Release|x64
		{377C8B76-B1E4-4004-83E6-65C42799380E}.RamdiskDebugFixedPipeline|Emscripten.ActiveCfg = Release|Emscripten
		{377C8B76-B1E4-4004-83E6-65C42799380E}.RamdiskDebugFixedPipeline|Emscripten.Build.0 = Release|Emscripten
		{377C8B76-B1E4-4004-83E6-65C42799380E}.RamdiskDebugFixedPipeline|x64.ActiveCfg = Release|x64
		{377C8B76-B1E4-4004-83E6-65C42799380E}.RamdiskDebugFixedPipeline|x64.Build.0 = Release|x64
		{377C8B76-B1E4-4004-83E6-65C42799380E}.RamDiskFixedPipelineRelease|Emscripten.ActiveCfg = Release|Emscripten
		{377C8B76-B1E4-4004-83E6-65C42799380E}.RamDiskFixedPipelineRelease|Emscripten.Build.0 = Release|Emscripten
		{377C8B76-B1E4-4004-83E6-65C42799380E}.RamDiskFixedPipelineRelease|x64.ActiveCfg = Release|x64
		{377C8B76-B1E4-4004-83E6-65C42799380E}.RamDiskFixedPipelineRelease|x64.Build.0 = Release|x64
		{377C8B76-B1E4-4004-83E6-65C42799380E}.RamdiskRelease|Emscripten.ActiveCfg = Release|Emscripten
		{377C8B76-B1E4-4004-83E6-65C42799380E}.RamdiskRelease|Emscripten.Build.0 = Release|Emscripten
		{377C8B76-B1E4-4004-83E6-65C42799380E}.RamdiskRelease|x64.ActiveCfg = Release|x64
		{377C8B76-B1E4-4004-83E6-65C42799380E}.RamdiskRelease|x64.Build.0 = Release|x64
		{377C8B76-B1E4-4004-83E6-65C42799380E}.Release_NoPthread|Emscripten.ActiveCfg = Release|Emscripten
		{377C8B76-B1E4-4004-83E6-65C42799380E}.Release_NoPthread|Emscripten.Build.0 = Release|Emscripten
		{377C8B76-B1E4-4004-83E6-65C42799380E}.Release_NoPthread|x64.ActiveCfg = Release|x64
		{377C8B76-B1E4-4004-83E6-65C42799380E}.Release_NoPthread|x64.Build.0 = Release|x64
		{377C8B76-B1E4-4004-83E6-65C42799380E}.Release|Emscripten.ActiveCfg = Release|Emscripten
		{377C8B76-B1E4-4004-83E6-65C42799380E}.Release|Emscripten.Build.0 = Release|Emscripten
		{377C8B76-B1E4-4004-83E6-65C42799380E}.Release|x64.ActiveCfg = Release|x64
		{377C8B76-B1E4-4004-83E6-65C42799380E}.Release|x64.Build.0 = Release|x64
		{377C8B76-B1E4-4004-83E6-65C42799380E}.ReleaseFixedPipeline|Emscripten.ActiveCfg = Release|Emscripten
		{377C8B76-B1E4-4004-83E6-65C42799380E}.ReleaseFixedPipeline|Emscripten.Build.0 = Release|Emscripten
		{377C8B76-B1E4-4004-83E6-65C42799380E}.ReleaseFixedPipeline|x64.ActiveCfg = Release|x64
		{377C8B76-B1E4-4004-83E6-65C42799380E}.ReleaseFixedPipeline|x64.Build.0 = Release|x64
		{CB79DCA3-5F7A-423F-BA3E-01DF441C06B1}.Debug_NoPthread|Emscripten.ActiveCfg = Debug|Emscripten
		{CB79DCA3-5F7A-423F-BA3E-01DF441C06B1}.Debug_NoPthread|Emscripten.Build.0 = Debug|Emscripten
		{CB79DCA3-5F7A-423F-BA3E-01DF441C06B1}.Debug_NoPthread|x64.ActiveCfg = Debug|x64
		{CB79DCA3-5F7A-423F-BA3E-01DF441C06B1}.Debug_NoPthread|x64.Build.0 = Debug|x64
		{CB79DCA3-5F7A-423F-BA3E-01DF441C06B1}.Debug|Emscripten.ActiveCfg = Debug|Emscripten
		{CB79DCA3-5F7A-423F-BA3E-01DF441C06B1}.Debug|Emscripten.Build.0 = Debug|Emscripten
		{CB79DCA3-5F7A-423F-BA3E-01DF441C06B1}.Debug|x64.ActiveCfg = Debug|x64
		{CB79DCA3-5F7A-423F-BA3E-01DF441C06B1}.Debug|x64.Build.0 = Debug|x64
		{CB79DCA3-5F7A-423F-BA3E-01DF441C06B1}.DebugFixedPipeline|Emscripten.ActiveCfg = Debug|Emscripten
		{CB79DCA3-5F7A-423F-BA3E-01DF441C06B1}.DebugFixedPipeline|Emscripten.Build.0 = Debug|Emscripten
		{CB79DCA3-5F7A-423F-BA3E-01DF441C06B1}.DebugFixedPipeline|x64.ActiveCfg = Debug|x64
		{CB79DCA3-5F7A-423F-BA3E-01DF441C06B1}.DebugFixedPipeline|x64.Build.0 = Debug|x64
		{CB79DCA3-5F7A-423F-BA3E-01DF441C06B1}.DotNetDebug|Emscripten.ActiveCfg = Debug|Emscripten
		{CB79DCA3-5F7A-423F-BA3E-01DF441C06B1}.DotNetDebug|Emscripten.Build.0 = Debug|Emscripten
		{CB79DCA3-5F7A-423F-BA3E-01DF441C06B1}.DotNetDebug|x64.ActiveCfg = Debug|x64
		{CB79DCA3-5F7A-423F-BA3E-01DF441C06B1}.DotNetDebug|x64.Build.0 = Debug|x64
		{CB79DCA3-5F7A-423F-BA3E-01DF441C06B1}.DotNetRelease|Emscripten.ActiveCfg = Release|Emscripten
		{CB79DCA3-5F7A-423F-BA3E-01DF441C06B1}.DotNetRelease|Emscripten.Build.0 = Release|Emscripten
		{CB79DCA3-5F7A-423F-BA3E-01DF441C06B1}.DotNetRelease|x64.ActiveCfg = Release|x64
		{CB79DCA3-5F7A-423F-BA3E-01DF441C06B1}.DotNetRelease|x64.Build.0 = Release|x64
		{CB79DCA3-5F7A-423F-BA3E-01DF441C06B1}.MT|Emscripten.ActiveCfg = Release|Emscripten
		{CB79DCA3-5F7A-423F-BA3E-01DF441C06B1}.MT|Emscripten.Build.0 = Release|Emscripten
		{CB79DCA3-5F7A-423F-BA3E-01DF441C06B1}.MT|x64.ActiveCfg = Debug|x64
		{CB79DCA3-5F7A-423F-BA3E-01DF441C06B1}.MT|x64.Build.0 = Debug|x64
		{CB79DCA3-5F7A-423F-BA3E-01DF441C06B1}.RamdiskDebug|Emscripten.ActiveCfg = Release|Emscripten
		{CB79DCA3-5F7A-423F-BA3E-01DF441C06B1}.RamdiskDebug|Emscripten.Build.0 = Release|Emscripten
		{CB79DCA3-5F7A-423F-BA3E-01DF441C06B1}.RamdiskDebug|x64.ActiveCfg = Release|x64
		{CB79DCA3-5F7A-423F-BA3E-01DF441C06B1}.RamdiskDebug|x64.Build.0 = Release|x64
		{CB79DCA3-5F7A-423F-BA3E-01DF441C06B1}.RamdiskDebugFixedPipeline|Emscripten.ActiveCfg = Release|Emscripten
		{CB79DCA3-5F7A-423F-BA3E-01DF441C06B1}.RamdiskDebugFixedPipeline|Emscripten.Build.0 = Release|Emscripten
		{CB79DCA3-5F7A-423F-BA3E-01DF441C06B1}.RamdiskDebugFixedPipeline|x64.ActiveCfg = Release|x64
		{CB79DCA3-5F7A-423F-BA3E-01DF441C06B1}.RamdiskDebugFixedPipeline|x64.Build.0 = Release|x64
		{CB79DCA3-5F7A-423F-BA3E-01DF441C06B1}.RamDiskFixedPipelineRelease|Emscripten.ActiveCfg = Release|Emscripten
		{CB79DCA3-5F7A-423F-BA3E-01DF441C06B1}.RamDiskFixedPipelineRelease|Emscripten.Build.0 = Release|Emscripten
		{CB79DCA3-5F7A-423F-BA3E-01DF441C06B1}.RamDiskFixedPipelineRelease|x64.ActiveCfg = Release|x64
		{CB79DCA3-5F7A-423F-BA3E-01DF441C06B1}.RamDiskFixedPipelineRelease|x64.Build.0 = Release|x64
		{CB79DCA3-5F7A-423F-BA3E-01DF441C06B1}.RamdiskRelease|Emscripten.ActiveCfg = Release|Emscripten
		{CB79DCA3-5F7A-423F-BA3E-01DF441C06B1}.RamdiskRelease|Emscripten.Build.0 = Release|Emscripten
		{CB79DCA3-5F7A-423F-BA3E-01DF441C06B1}.RamdiskRelease|x64.ActiveCfg = Release|x64
		{CB79DCA3-5F7A-423F-BA3E-01DF441C06B1}.RamdiskRelease|x64.Build.0 = Release|x64
		{CB79DCA3-5F7A-423F-BA3E-01DF441C06B1}.Release_NoPthread|Emscripten.ActiveCfg = Release|Emscripten
		{CB79DCA3-5F7A-423F-BA3E-01DF441C06B1}.Release_NoPthread|Emscripten.Build.0 = Release|Emscripten
		{CB79DCA3-5F7A-423F-BA3E-01DF441C06B1}.Release_NoPthread|x64.ActiveCfg = Release|x64
		{CB79DCA3-5F7A-423F-BA3E-01DF441C06B1}.Release_NoPthread|x64.Build.0 = Release|x64
		{CB79DCA3-5F7A-423F-BA3E-01DF441C06B1}.Release|Emscripten.ActiveCfg = Release|Emscripten
		{CB79DCA3-5F7A-423F-BA3E-01DF441C06B1}.Release|Emscripten.Build.0 = Release|Emscripten
		{CB79DCA3-5F7A-423F-BA3E-01DF441C06B1}.Release|x64.ActiveCfg = Release|x64
		{CB79DCA3-5F7A-423F-BA3E-01DF441C06B1}.Release|x64.Build.0 = Release|x64
		{CB79DCA3-5F7A-423F-BA3E-01DF441C06B1}.ReleaseFixedPipeline|Emscripten.ActiveCfg = Release|Emscripten
		{CB79DCA3-5F7A-423F-BA3E-01DF441C06B1}.ReleaseFixedPipeline|Emscripten.Build.0 = Release|Emscripten
		{CB79DCA3-5F7A-423F-BA3E-01DF441C06B1}.ReleaseFixedPipeline|x64.ActiveCfg = Release|x64
		{CB79DCA3-5F7A-423F-BA3E-01DF441C06B1}.ReleaseFixedPipeline|x64.Build.0 = Release|x64
		{B97AEE71-62EC-40F0-ABD0-6EABF0787A3E}.Debug_NoPthread|Emscripten.ActiveCfg = Debug|Emscripten
		{B97AEE71-62EC-40F0-ABD0-6EABF0787A3E}.Debug_NoPthread|Emscripten.Build.0 = Debug|Emscripten
		{B97AEE71-62EC-40F0-ABD0-6EABF0787A3E}.Debug_NoPthread|x64.ActiveCfg = Debug|x64
		{B97AEE71-62EC-40F0-ABD0-6EABF0787A3E}.Debug_NoPthread|x64.Build.0 = Debug|x64
		{B97AEE71-62EC-40F0-ABD0-6EABF0787A3E}.Debug|Emscripten.ActiveCfg = Debug|Emscripten
		{B97AEE71-62EC-40F0-ABD0-6EABF0787A3E}.Debug|Emscripten.Build.0 = Debug|Emscripten
		{B97AEE71-62EC-40F0-ABD0-6EABF0787A3E}.Debug|x64.ActiveCfg = Debug|x64
		{B97AEE71-62EC-40F0-ABD0-6EABF0787A3E}.Debug|x64.Build.0 = Debug|x64
		{B97AEE71-62EC-40F0-ABD0-6EABF0787A3E}.DebugFixedPipeline|Emscripten.ActiveCfg = Debug|Emscripten
		{B97AEE71-62EC-40F0-ABD0-6EABF0787A3E}.DebugFixedPipeline|Emscripten.Build.0 = Debug|Emscripten
		{B97AEE71-62EC-40F0-ABD0-6EABF0787A3E}.DebugFixedPipeline|x64.ActiveCfg = Debug|x64
		{B97AEE71-62EC-40F0-ABD0-6EABF0787A3E}.DebugFixedPipeline|x64.Build.0 = Debug|x64
		{B97AEE71-62EC-40F0-ABD0-6EABF0787A3E}.DotNetDebug|Emscripten.ActiveCfg = Debug|Emscripten
		{B97AEE71-62EC-40F0-ABD0-6EABF0787A3E}.DotNetDebug|Emscripten.Build.0 = Debug|Emscripten
		{B97AEE71-62EC-40F0-ABD0-6EABF0787A3E}.DotNetDebug|x64.ActiveCfg = Debug|x64
		{B97AEE71-62EC-40F0-ABD0-6EABF0787A3E}.DotNetDebug|x64.Build.0 = Debug|x64
		{B97AEE71-62EC-40F0-ABD0-6EABF0787A3E}.DotNetRelease|Emscripten.ActiveCfg = Release|Emscripten
		{B97AEE71-62EC-40F0-ABD0-6EABF0787A3E}.DotNetRelease|Emscripten.Build.0 = Release|Emscripten
		{B97AEE71-62EC-40F0-ABD0-6EABF0787A3E}.DotNetRelease|x64.ActiveCfg = Release|x64
		{B97AEE71-62EC-40F0-ABD0-6EABF0787A3E}.DotNetRelease|x64.Build.0 = Release|x64
		{B97AEE71-62EC-40F0-ABD0-6EABF0787A3E}.MT|Emscripten.ActiveCfg = Release|Emscripten
		{B97AEE71-62EC-40F0-ABD0-6EABF0787A3E}.MT|Emscripten.Build.0 = Release|Emscripten
		{B97AEE71-62EC-40F0-ABD0-6EABF0787A3E}.MT|x64.ActiveCfg = Debug|x64
		{B97AEE71-62EC-40F0-ABD0-6EABF0787A3E}.MT|x64.Build.0 = Debug|x64
		{B97AEE71-62EC-40F0-ABD0-6EABF0787A3E}.RamdiskDebug|Emscripten.ActiveCfg = Release|Emscripten
		{B97AEE71-62EC-40F0-ABD0-6EABF0787A3E}.RamdiskDebug|Emscripten.Build.0 = Release|Emscripten
		{B97AEE71-62EC-40F0-ABD0-6EABF0787A3E}.RamdiskDebug|x64.ActiveCfg = Release|x64
		{B97AEE71-62EC-40F0-ABD0-6EABF0787A3E}.RamdiskDebug|x64.Build.0 = Release|x64
		{B97AEE71-62EC-40F0-ABD0-6EABF0787A3E}.RamdiskDebugFixedPipeline|Emscripten.ActiveCfg = Release|Emscripten
		{B97AEE71-62EC-40F0-ABD0-6EABF0787A3E}.RamdiskDebugFixedPipeline|Emscripten.Build.0 = Release|Emscripten
		{B97AEE71-62EC-40F0-ABD0-6EABF0787A3E}.RamdiskDebugFixedPipeline|x64.ActiveCfg = Release|x64
		{B97AEE71-62EC-40F0-ABD0-6EABF0787A3E}.RamdiskDebugFixedPipeline|x64.Build.0 = Release|x64
		{B97AEE71-62EC-40F0-ABD0-6EABF0787A3E}.RamDiskFixedPipelineRelease|Emscripten.ActiveCfg = Release|Emscripten
		{B97AEE71-62EC-40F0-ABD0-6EABF0787A3E}.RamDiskFixedPipelineRelease|Emscripten.Build.0 = Release|Emscripten
		{B97AEE71-62EC-40F0-ABD0-6EABF0787A3E}.RamDiskFixedPipelineRelease|x64.ActiveCfg = Release|x64
		{B97AEE71-62EC-40F0-ABD0-6EABF0787A3E}.RamDiskFixedPipelineRelease|x64.Build.0 = Release|x64
		{B97AEE71-62EC-40F0-ABD0-6EABF0787A3E}.RamdiskRelease|Emscripten.ActiveCfg = Release|Emscripten
		{B97AEE71-62EC-40F0-ABD0-6EABF0787A3E}.RamdiskRelease|Emscripten.Build.0 = Release|Emscripten
		{B97AEE71-62EC-40F0-ABD0-6EABF0787A3E}.RamdiskRelease|x64.ActiveCfg = Release|x64
		{B97AEE71-62EC-40F0-ABD0-6EABF0787A3E}.RamdiskRelease|x64.Build.0 = Release|x64
		{B97AEE71-62EC-40F0-ABD0-6EABF0787A3E}.Release_NoPthread|Emscripten.ActiveCfg = Release|Emscripten
		{B97AEE71-62EC-40F0-ABD0-6EABF0787A3E}.Release_NoPthread|Emscripten.Build.0 = Release|Emscripten
		{B97AEE71-62EC-40F0-ABD0-6EABF0787A3E}.Release_NoPthread|x64.ActiveCfg = Release|x64
		{B97AEE71-62EC-40F0-ABD0-6EABF0787A3E}.Release_NoPthread|x64.Build.0 = Release|x64
		{B97AEE71-62EC-40F0-ABD0-6EABF0787A3E}.Release|Emscripten.ActiveCfg = Release|Emscripten
		{B97AEE71-62EC-40F0-ABD0-6EABF0787A3E}.Release|Emscripten.Build.0 = Release|Emscripten
		{B97AEE71-62EC-40F0-ABD0-6EABF0787A3E}.Release|x64.ActiveCfg = Release|x64
		{B97AEE71-62EC-40F0-ABD0-6EABF0787A3E}.Release|x64.Build.0 = Release|x64
		{B97AEE71-62EC-40F0-ABD0-6EABF0787A3E}.ReleaseFixedPipeline|Emscripten.ActiveCfg = Release|Emscripten
		{B97AEE71-62EC-40F0-ABD0-6EABF0787A3E}.ReleaseFixedPipeline|Emscripten.Build.0 = Release|Emscripten
		{B97AEE71-62EC-40F0-ABD0-6EABF0787A3E}.ReleaseFixedPipeline|x64.ActiveCfg = Release|x64
		{B97AEE71-62EC-40F0-ABD0-6EABF0787A3E}.ReleaseFixedPipeline|x64.Build.0 = Release|x64
		{3E50106F-529F-435F-A2EC-11918C3C8B40}.Debug_NoPthread|Emscripten.ActiveCfg = Debug|x64
		{3E50106F-529F-435F-A2EC-11918C3C8B40}.Debug_NoPthread|Emscripten.Build.0 = Debug|x64
		{3E50106F-529F-435F-A2EC-11918C3C8B40}.Debug_NoPthread|x64.ActiveCfg = Debug|x64
		{3E50106F-529F-435F-A2EC-11918C3C8B40}.Debug_NoPthread|x64.Build.0 = Debug|x64
		{3E50106F-529F-435F-A2EC-11918C3C8B40}.Debug|Emscripten.ActiveCfg = Debug|x64
		{3E50106F-529F-435F-A2EC-11918C3C8B40}.Debug|Emscripten.Build.0 = Debug|x64
		{3E50106F-529F-435F-A2EC-11918C3C8B40}.Debug|x64.ActiveCfg = Debug|x64
		{3E50106F-529F-435F-A2EC-11918C3C8B40}.Debug|x64.Build.0 = Debug|x64
		{3E50106F-529F-435F-A2EC-11918C3C8B40}.DebugFixedPipeline|Emscripten.ActiveCfg = Debug|x64
		{3E50106F-529F-435F-A2EC-11918C3C8B40}.DebugFixedPipeline|Emscripten.Build.0 = Debug|x64
		{3E50106F-529F-435F-A2EC-11918C3C8B40}.DebugFixedPipeline|x64.ActiveCfg = Debug|x64
		{3E50106F-529F-435F-A2EC-11918C3C8B40}.DebugFixedPipeline|x64.Build.0 = Debug|x64
		{3E50106F-529F-435F-A2EC-11918C3C8B40}.DotNetDebug|Emscripten.ActiveCfg = Debug|x64
		{3E50106F-529F-435F-A2EC-11918C3C8B40}.DotNetDebug|Emscripten.Build.0 = Debug|x64
		{3E50106F-529F-435F-A2EC-11918C3C8B40}.DotNetDebug|x64.ActiveCfg = Debug|x64
		{3E50106F-529F-435F-A2EC-11918C3C8B40}.DotNetDebug|x64.Build.0 = Debug|x64
		{3E50106F-529F-435F-A2EC-11918C3C8B40}.DotNetRelease|Emscripten.ActiveCfg = Release|x64
		{3E50106F-529F-435F-A2EC-11918C3C8B40}.DotNetRelease|Emscripten.Build.0 = Release|x64
		{3E50106F-529F-435F-A2EC-11918C3C8B40}.DotNetRelease|x64.ActiveCfg = Release|x64
		{3E50106F-529F-435F-A2EC-11918C3C8B40}.DotNetRelease|x64.Build.0 = Release|x64
		{3E50106F-529F-435F-A2EC-11918C3C8B40}.MT|Emscripten.ActiveCfg = Debug|x64
		{3E50106F-529F-435F-A2EC-11918C3C8B40}.MT|Emscripten.Build.0 = Debug|x64
		{3E50106F-529F-435F-A2EC-11918C3C8B40}.MT|x64.ActiveCfg = Debug|x64
		{3E50106F-529F-435F-A2EC-11918C3C8B40}.MT|x64.Build.0 = Debug|x64
		{3E50106F-529F-435F-A2EC-11918C3C8B40}.RamdiskDebug|Emscripten.ActiveCfg = Release|x64
		{3E50106F-529F-435F-A2EC-11918C3C8B40}.RamdiskDebug|Emscripten.Build.0 = Release|x64
		{3E50106F-529F-435F-A2EC-11918C3C8B40}.RamdiskDebug|x64.ActiveCfg = Release|x64
		{3E50106F-529F-435F-A2EC-11918C3C8B40}.RamdiskDebug|x64.Build.0 = Release|x64
		{3E50106F-529F-435F-A2EC-11918C3C8B40}.RamdiskDebugFixedPipeline|Emscripten.ActiveCfg = Release|x64
		{3E50106F-529F-435F-A2EC-11918C3C8B40}.RamdiskDebugFixedPipeline|Emscripten.Build.0 = Release|x64
		{3E50106F-529F-435F-A2EC-11918C3C8B40}.RamdiskDebugFixedPipeline|x64.ActiveCfg = Release|x64
		{3E50106F-529F-435F-A2EC-11918C3C8B40}.RamdiskDebugFixedPipeline|x64.Build.0 = Release|x64
		{3E50106F-529F-435F-A2EC-11918C3C8B40}.RamDiskFixedPipelineRelease|Emscripten.ActiveCfg = Release|x64
		{3E50106F-529F-435F-A2EC-11918C3C8B40}.RamDiskFixedPipelineRelease|Emscripten.Build.0 = Release|x64
		{3E50106F-529F-435F-A2EC-11918C3C8B40}.RamDiskFixedPipelineRelease|x64.ActiveCfg = Release|x64
		{3E50106F-529F-435F-A2EC-11918C3C8B40}.RamDiskFixedPipelineRelease|x64.Build.0 = Release|x64
		{3E50106F-529F-435F-A2EC-11918C3C8B40}.RamdiskRelease|Emscripten.ActiveCfg = Release|x64
		{3E50106F-529F-435F-A2EC-11918C3C8B40}.RamdiskRelease|Emscripten.Build.0 = Release|x64
		{3E50106F-529F-435F-A2EC-11918C3C8B40}.RamdiskRelease|x64.ActiveCfg = Release|x64
		{3E50106F-529F-435F-A2EC-11918C3C8B40}.RamdiskRelease|x64.Build.0 = Release|x64
		{3E50106F-529F-435F-A2EC-11918C3C8B40}.Release_NoPthread|Emscripten.ActiveCfg = Release|x64
		{3E50106F-529F-435F-A2EC-11918C3C8B40}.Release_NoPthread|Emscripten.Build.0 = Release|x64
		{3E50106F-529F-435F-A2EC-11918C3C8B40}.Release_NoPthread|x64.ActiveCfg = Release|x64
		{3E50106F-529F-435F-A2EC-11918C3C8B40}.Release_NoPthread|x64.Build.0 = Release|x64
		{3E50106F-529F-435F-A2EC-11918C3C8B40}.Release|Emscripten.ActiveCfg = Release|x64
		{3E50106F-529F-435F-A2EC-11918C3C8B40}.Release|Emscripten.Build.0 = Release|x64
		{3E50106F-529F-435F-A2EC-11918C3C8B40}.Release|x64.ActiveCfg = Release|x64
		{3E50106F-529F-435F-A2EC-11918C3C8B40}.Release|x64.Build.0 = Release|x64
		{3E50106F-529F-435F-A2EC-11918C3C8B40}.ReleaseFixedPipeline|Emscripten.ActiveCfg = Release|x64
		{3E50106F-529F-435F-A2EC-11918C3C8B40}.ReleaseFixedPipeline|Emscripten.Build.0 = Release|x64
		{3E50106F-529F-435F-A2EC-11918C3C8B40}.ReleaseFixedPipeline|x64.ActiveCfg = Release|x64
		{3E50106F-529F-435F-A2EC-11918C3C8B40}.ReleaseFixedPipeline|x64.Build.0 = Release|x64
	EndGlobalSection
	GlobalSection(SolutionProperties) = preSolution
		HideSolutionNode = FALSE
	EndGlobalSection
	GlobalSection(ExtensibilityGlobals) = postSolution
		SolutionGuid = {8D02C848-5BA0-4CFB-B3BB-7B9D473173BD}
	EndGlobalSection
EndGlobal
