<?xml version="1.0" encoding="utf-8"?>
<Project ToolsVersion="4.0" xmlns="http://schemas.microsoft.com/developer/msbuild/2003">
  <ItemGroup>
    <Filter Include="Source Files">
      <UniqueIdentifier>{4FC737F1-C7A5-4376-A066-2A32D752A2FF}</UniqueIdentifier>
      <Extensions>cpp;c;cc;cxx;def;odl;idl;hpj;bat;asm;asmx</Extensions>
    </Filter>
    <Filter Include="Header Files">
      <UniqueIdentifier>{93995380-89BD-4b04-88EB-625FBE52EBFB}</UniqueIdentifier>
      <Extensions>h;hpp;hxx;hm;inl;inc;xsd</Extensions>
    </Filter>
    <Filter Include="RenderObject">
      <UniqueIdentifier>{5fe4f285-0bff-4a97-9b3d-89f2006f5b1c}</UniqueIdentifier>
    </Filter>
    <Filter Include="RenderObject\Parser">
      <UniqueIdentifier>{3bf43ee1-57f3-4f14-afed-53c76b1828e0}</UniqueIdentifier>
    </Filter>
    <Filter Include="RenderObject\Parser\Animation">
      <UniqueIdentifier>{0c2325eb-23fe-4baf-b7bf-6de4ab8207af}</UniqueIdentifier>
    </Filter>
    <Filter Include="RenderObject\Parser\BinaryToTexture">
      <UniqueIdentifier>{e46ded69-25fa-4bd6-9e55-653d16098c6b}</UniqueIdentifier>
    </Filter>
    <Filter Include="RenderObject\Parser\Image">
      <UniqueIdentifier>{e6c0a516-1913-42f0-adcd-660e0573cd2f}</UniqueIdentifier>
    </Filter>
    <Filter Include="RenderObject\Font">
      <UniqueIdentifier>{23a8a711-3a73-4cc8-9cb7-e555306b2f8a}</UniqueIdentifier>
    </Filter>
    <Filter Include="RenderObject\Font\Glyph">
      <UniqueIdentifier>{920492f9-f759-41b0-b125-46bfa6197f8c}</UniqueIdentifier>
    </Filter>
    <Filter Include="RenderObject\Common">
      <UniqueIdentifier>{84411e74-fd6d-4255-afb9-df45d6472fe7}</UniqueIdentifier>
    </Filter>
    <Filter Include="RenderObject\FMAnimationRule">
      <UniqueIdentifier>{b4b35faa-ae25-4499-a34c-53f585e973ef}</UniqueIdentifier>
    </Filter>
    <Filter Include="RenderObject\GLSL">
      <UniqueIdentifier>{67cb8815-86eb-4261-806c-909a27ea9f67}</UniqueIdentifier>
    </Filter>
    <Filter Include="RenderObject\GLSL\Effect">
      <UniqueIdentifier>{dcfc44f1-71be-4a4d-9d5d-4505895c06ad}</UniqueIdentifier>
    </Filter>
    <Filter Include="RenderObject\Texture">
      <UniqueIdentifier>{dec7a470-ef31-4538-a01b-d2a2ded7e938}</UniqueIdentifier>
    </Filter>
    <Filter Include="RenderObject\Texture\png">
      <UniqueIdentifier>{abc4bc70-9a41-4197-9840-442acbd3fc5b}</UniqueIdentifier>
    </Filter>
    <Filter Include="RenderObject\MPDI">
      <UniqueIdentifier>{4f5520ad-587a-4d49-b1d7-01b4b65794e9}</UniqueIdentifier>
    </Filter>
    <Filter Include="RenderObject\PuzzleImage">
      <UniqueIdentifier>{33ee1425-b0df-4e2a-8f46-24b6051af41d}</UniqueIdentifier>
    </Filter>
    <Filter Include="RenderObject\BufferObject">
      <UniqueIdentifier>{3503c923-e497-47f3-8b95-e3b9c887bcfe}</UniqueIdentifier>
    </Filter>
    <Filter Include="XML">
      <UniqueIdentifier>{c5327dea-fde6-4395-8870-e9c744bf253c}</UniqueIdentifier>
    </Filter>
    <Filter Include="XML\Writer">
      <UniqueIdentifier>{ea1fc28d-b05a-4733-b09f-f3772597938d}</UniqueIdentifier>
    </Filter>
    <Filter Include="XML\TinyXml">
      <UniqueIdentifier>{2c6d8b91-7d9e-41f3-a9ec-c8bd533e6e70}</UniqueIdentifier>
    </Filter>
    <Filter Include="Camera">
      <UniqueIdentifier>{07371b50-eb29-4870-8aaa-c6355376e49d}</UniqueIdentifier>
    </Filter>
    <Filter Include="Sound">
      <UniqueIdentifier>{fce82b47-2e11-49c5-8fa2-da86226690ab}</UniqueIdentifier>
    </Filter>
    <Filter Include="AVIPlayer">
      <UniqueIdentifier>{80b814b1-6f18-4965-b9dd-abe8719605cb}</UniqueIdentifier>
    </Filter>
    <Filter Include="Math">
      <UniqueIdentifier>{5cf45c74-50d3-4e3c-8f08-d8cfb8d4b8bc}</UniqueIdentifier>
    </Filter>
    <Filter Include="Math\Vector">
      <UniqueIdentifier>{fcfc58b3-c90a-4372-b0bc-41abece56371}</UniqueIdentifier>
    </Filter>
    <Filter Include="Math\Matrix">
      <UniqueIdentifier>{a383dcd4-e545-49bc-85be-f62b3fcd675a}</UniqueIdentifier>
    </Filter>
    <Filter Include="Math\Curve">
      <UniqueIdentifier>{22b03ca4-2580-4c71-b01e-f4c7a1a62e85}</UniqueIdentifier>
    </Filter>
    <Filter Include="Math\Collidision">
      <UniqueIdentifier>{476c6ca3-cfc2-4db6-8b05-5671632be406}</UniqueIdentifier>
    </Filter>
    <Filter Include="Math\Sorting">
      <UniqueIdentifier>{d25c2886-aa2b-486f-ab9d-187cea608317}</UniqueIdentifier>
    </Filter>
    <Filter Include="GameplayUT">
      <UniqueIdentifier>{4ce9bd8c-56cf-4496-a273-b1d409a8cfa1}</UniqueIdentifier>
    </Filter>
    <Filter Include="GameplayUT\Path">
      <UniqueIdentifier>{773adbd8-15eb-48be-a457-728e89ffaa4d}</UniqueIdentifier>
    </Filter>
    <Filter Include="GameplayUT\Phase">
      <UniqueIdentifier>{77b13dbe-0f78-4999-aefd-8f233c99046a}</UniqueIdentifier>
    </Filter>
    <Filter Include="GameplayUT\GameApp">
      <UniqueIdentifier>{585d6ded-2813-4878-895c-d863f55a9079}</UniqueIdentifier>
    </Filter>
    <Filter Include="GameplayUT\GamePad">
      <UniqueIdentifier>{a558c1fe-cfac-418a-a5df-4fe40712afe7}</UniqueIdentifier>
    </Filter>
    <Filter Include="GameplayUT\UI">
      <UniqueIdentifier>{761023d9-8f96-406b-947b-095cf8115fb6}</UniqueIdentifier>
    </Filter>
    <Filter Include="GameplayUT\UI\MultiSelectOptionByMPDI">
      <UniqueIdentifier>{b444edef-d61e-48fa-b8ea-5f7db9d88286}</UniqueIdentifier>
    </Filter>
    <Filter Include="GameplayUT\UI\MouseBehavior">
      <UniqueIdentifier>{1ecec25e-5ce2-4f02-ae92-98d15545d46c}</UniqueIdentifier>
    </Filter>
    <Filter Include="GameplayUT\UI\SliderBar">
      <UniqueIdentifier>{3fb25854-8992-4122-9880-b10f0e750f35}</UniqueIdentifier>
    </Filter>
    <Filter Include="GameplayUT\UI\Scroller">
      <UniqueIdentifier>{591c0354-4252-4a6d-b0fa-291d144c1006}</UniqueIdentifier>
    </Filter>
    <Filter Include="GameplayUT\UI\Tabpage">
      <UniqueIdentifier>{837eedb8-a810-4d07-b77f-2d392f115ada}</UniqueIdentifier>
    </Filter>
    <Filter Include="GameplayUT\UI\Button">
      <UniqueIdentifier>{5bd67d53-fa6b-4a63-980d-e28c2085aa01}</UniqueIdentifier>
    </Filter>
    <Filter Include="GameplayUT\MPDIGameTutorial">
      <UniqueIdentifier>{4855df8e-c683-421f-89f6-069d6355ec16}</UniqueIdentifier>
    </Filter>
    <Filter Include="GameplayUT\RenderStatusChanger">
      <UniqueIdentifier>{1a912ce7-d057-418a-95f0-8dd020f02c15}</UniqueIdentifier>
    </Filter>
    <Filter Include="GameplayUT\ValueChange">
      <UniqueIdentifier>{ce5185a5-ee5f-49f8-94b7-5461cec9b089}</UniqueIdentifier>
    </Filter>
    <Filter Include="GameplayUT\DataCurve">
      <UniqueIdentifier>{78644a2a-d54b-4466-8690-55dc7f221833}</UniqueIdentifier>
    </Filter>
    <Filter Include="GameplayUT\StringCompress">
      <UniqueIdentifier>{e47cd41e-d96c-4402-b486-903bc9b4e1e5}</UniqueIdentifier>
    </Filter>
    <Filter Include="GameplayUT\FMAnimationRuleEffect">
      <UniqueIdentifier>{35c911d5-1734-44a5-ae36-67bb56a61ef7}</UniqueIdentifier>
    </Filter>
    <Filter Include="GameplayUT\Binary">
      <UniqueIdentifier>{130a4e92-747f-41e0-955a-cef94aa7275e}</UniqueIdentifier>
    </Filter>
    <Filter Include="GameplayUT\ResourceStamp">
      <UniqueIdentifier>{9c20ff8e-eb9c-47f1-95b8-095bb387a98b}</UniqueIdentifier>
    </Filter>
    <Filter Include="GameplayUT\ObjectXMLParser">
      <UniqueIdentifier>{bdeea1e3-964e-4f21-9b67-b614fb448fc8}</UniqueIdentifier>
    </Filter>
    <Filter Include="Physic">
      <UniqueIdentifier>{34f563b5-9c30-4f21-89ba-034f72922414}</UniqueIdentifier>
    </Filter>
    <Filter Include="Physic\2DImageCollideData">
      <UniqueIdentifier>{622918b1-b570-4a47-a335-15e06703505c}</UniqueIdentifier>
    </Filter>
    <Filter Include="Common">
      <UniqueIdentifier>{5b34913b-a1e0-4e61-be87-ab84c34c70f0}</UniqueIdentifier>
    </Filter>
    <Filter Include="Common\SmartPointer">
      <UniqueIdentifier>{ac987495-83de-4e6b-a224-17360102130a}</UniqueIdentifier>
    </Filter>
    <Filter Include="Common\NamedTypedObject">
      <UniqueIdentifier>{a9ad33aa-9f78-4e1c-b959-52aed118696b}</UniqueIdentifier>
    </Filter>
    <Filter Include="Common\Template">
      <UniqueIdentifier>{f8b4da6c-f54c-449b-97b1-db82cdf34840}</UniqueIdentifier>
    </Filter>
    <Filter Include="Common\Crossplatform">
      <UniqueIdentifier>{c33a817c-39b3-49c1-a017-f6c7a8d89c0d}</UniqueIdentifier>
    </Filter>
    <Filter Include="Common\Crossplatform\OpenGL">
      <UniqueIdentifier>{6cfd74e0-d2aa-4ffa-97f4-8f4f08a373de}</UniqueIdentifier>
    </Filter>
    <Filter Include="Particle">
      <UniqueIdentifier>{f5890626-e15e-4aff-b505-012b6bfb6f3c}</UniqueIdentifier>
    </Filter>
    <Filter Include="Particle\Emitter">
      <UniqueIdentifier>{6e4d0e10-537b-40cf-a9a4-cc4cc94dca72}</UniqueIdentifier>
    </Filter>
    <Filter Include="Particle\Policy">
      <UniqueIdentifier>{849773b9-7da7-4525-8e1f-e6f677166a98}</UniqueIdentifier>
    </Filter>
    <Filter Include="Particle\Policy\Color">
      <UniqueIdentifier>{341079c4-7787-41d6-a441-1864be103eb2}</UniqueIdentifier>
    </Filter>
    <Filter Include="Particle\Policy\Life">
      <UniqueIdentifier>{b4cc8641-3d99-4f3a-9405-a190138352b8}</UniqueIdentifier>
    </Filter>
    <Filter Include="Particle\Policy\Size">
      <UniqueIdentifier>{40fe6d95-ce15-4622-9606-19224bdca243}</UniqueIdentifier>
    </Filter>
    <Filter Include="Particle\Policy\Velocity">
      <UniqueIdentifier>{278d1fd2-1c86-42f4-a1a8-b91f575d36bf}</UniqueIdentifier>
    </Filter>
    <Filter Include="Particle\Policy\StartPosition">
      <UniqueIdentifier>{2031c465-61c3-4b30-bf81-daebeb798bf6}</UniqueIdentifier>
    </Filter>
    <Filter Include="Particle\Policy\Rotation">
      <UniqueIdentifier>{fe74657f-b382-4fae-a2b6-86b382bbcb9a}</UniqueIdentifier>
    </Filter>
    <Filter Include="Particle\Policy\Texture">
      <UniqueIdentifier>{dab9633a-2c54-4e32-8765-0291b38b713c}</UniqueIdentifier>
    </Filter>
    <Filter Include="Particle\ParticleBase">
      <UniqueIdentifier>{d4a64363-c312-4b28-89bc-01e5c8720605}</UniqueIdentifier>
    </Filter>
    <Filter Include="NetWork">
      <UniqueIdentifier>{a93981b8-7438-4a16-9e1f-e4b34b49bf30}</UniqueIdentifier>
    </Filter>
    <Filter Include="Synchronization">
      <UniqueIdentifier>{ad283879-d65e-4da7-8bfb-2a31c607cf6b}</UniqueIdentifier>
    </Filter>
    <Filter Include="AndroidJNI">
      <UniqueIdentifier>{474a18e2-e6a0-4421-b571-c8fab228d12d}</UniqueIdentifier>
    </Filter>
  </ItemGroup>
  <ItemGroup>
    <ClCompile Include="stdafx.cpp">
      <Filter>Source Files</Filter>
    </ClCompile>
    <ClCompile Include="Image\AnimationParser.cpp">
      <Filter>RenderObject\Parser\Animation</Filter>
    </ClCompile>
    <ClCompile Include="Image\MPDIDataParse.cpp">
      <Filter>RenderObject\Parser\Animation</Filter>
    </ClCompile>
    <ClCompile Include="Image\BinaryToTexture.cpp">
      <Filter>RenderObject\Parser\BinaryToTexture</Filter>
    </ClCompile>
    <ClCompile Include="Image\ImageParser.cpp">
      <Filter>RenderObject\Parser\Image</Filter>
    </ClCompile>
    <ClCompile Include="Image\GlyphFontRender.cpp">
      <Filter>RenderObject\Font</Filter>
    </ClCompile>
    <ClCompile Include="Glyph\GlyphWriter.cpp">
      <Filter>RenderObject\Font\Glyph</Filter>
    </ClCompile>
    <ClCompile Include="Image\BaseImage.cpp">
      <Filter>RenderObject\Common</Filter>
    </ClCompile>
    <ClCompile Include="Image\NumeralImage.cpp">
      <Filter>RenderObject\Common</Filter>
    </ClCompile>
    <ClCompile Include="Image\RenderObjectBehavior.cpp">
      <Filter>RenderObject\Common</Filter>
    </ClCompile>
    <ClCompile Include="Image\FMAnimationRule.cpp">
      <Filter>RenderObject\FMAnimationRule</Filter>
    </ClCompile>
    <ClCompile Include="GLSL\CommnoShader.cpp">
      <Filter>RenderObject\GLSL</Filter>
    </ClCompile>
    <ClCompile Include="GLSL\GLSLUiniform.cpp">
      <Filter>RenderObject\GLSL</Filter>
    </ClCompile>
    <ClCompile Include="GLSL\Shader.cpp">
      <Filter>RenderObject\GLSL</Filter>
    </ClCompile>
    <ClCompile Include="GLSL\Water.cpp">
      <Filter>RenderObject\GLSL\Effect</Filter>
    </ClCompile>
    <ClCompile Include="Image\pngLoader.cpp">
      <Filter>RenderObject\Texture\png</Filter>
    </ClCompile>
    <ClCompile Include="Image\MPDI.cpp">
      <Filter>RenderObject\MPDI</Filter>
    </ClCompile>
    <ClCompile Include="Image\MPDIForEditor.cpp">
      <Filter>RenderObject\MPDI</Filter>
    </ClCompile>
    <ClCompile Include="Image\SubMPDI.cpp">
      <Filter>RenderObject\MPDI</Filter>
    </ClCompile>
    <ClCompile Include="Image\SubMPDIRenderPointData.cpp">
      <Filter>RenderObject\MPDI</Filter>
    </ClCompile>
    <ClCompile Include="Image\VideoSubMPDI.cpp">
      <Filter>RenderObject\MPDI</Filter>
    </ClCompile>
    <ClCompile Include="Image\PuzzleImage.cpp">
      <Filter>RenderObject\PuzzleImage</Filter>
    </ClCompile>
    <ClCompile Include="Image\FrameBuffer.cpp">
      <Filter>RenderObject\BufferObject</Filter>
    </ClCompile>
    <ClCompile Include="Image\VertexBufferObject.cpp">
      <Filter>RenderObject\BufferObject</Filter>
    </ClCompile>
    <ClCompile Include="XML\StringToStructure.cpp">
      <Filter>XML</Filter>
    </ClCompile>
    <ClCompile Include="XML\AtgXmlWriter.cpp">
      <Filter>XML\Writer</Filter>
    </ClCompile>
    <ClCompile Include="XML\tinystr.cpp">
      <Filter>XML\TinyXml</Filter>
    </ClCompile>
    <ClCompile Include="XML\tinyxml.cpp">
      <Filter>XML\TinyXml</Filter>
    </ClCompile>
    <ClCompile Include="XML\tinyxmlerror.cpp">
      <Filter>XML\TinyXml</Filter>
    </ClCompile>
    <ClCompile Include="XML\tinyxmlparser.cpp">
      <Filter>XML\TinyXml</Filter>
    </ClCompile>
    <ClCompile Include="Camera\CameraAnimation.cpp">
      <Filter>Camera</Filter>
    </ClCompile>
    <ClCompile Include="Camera\DrawSelectRectangleByMouse.cpp">
      <Filter>Camera</Filter>
    </ClCompile>
    <ClCompile Include="Camera\MouseCamera.cpp">
      <Filter>Camera</Filter>
    </ClCompile>
    <ClCompile Include="Camera\SimpleCamera.cpp">
      <Filter>Camera</Filter>
    </ClCompile>
    <ClCompile Include="Camera\SplitScreenCamera.cpp">
      <Filter>Camera</Filter>
    </ClCompile>
    <ClCompile Include="Sound\OpenAlOgg.cpp">
      <Filter>Sound</Filter>
    </ClCompile>
    <ClCompile Include="Sound\OpenAlWavFile.cpp">
      <Filter>Sound</Filter>
    </ClCompile>
    <ClCompile Include="Sound\SoundShell.cpp">
      <Filter>Sound</Filter>
    </ClCompile>
    <ClCompile Include="AVIPlayer\avi_utils.cpp">
      <Filter>AVIPlayer</Filter>
    </ClCompile>
    <ClCompile Include="AVIPlayer\AVIPlayer.cpp">
      <Filter>AVIPlayer</Filter>
    </ClCompile>
    <ClCompile Include="AVIPlayer\FFMpegPlayer.cpp">
      <Filter>AVIPlayer</Filter>
    </ClCompile>
    <ClCompile Include="AVIPlayer\FFMpegPlayerBySDL.cpp">
      <Filter>AVIPlayer</Filter>
    </ClCompile>
    <ClCompile Include="Math\Frame.cpp">
      <Filter>Math</Filter>
    </ClCompile>
    <ClCompile Include="Math\Line.cpp">
      <Filter>Math</Filter>
    </ClCompile>
    <ClCompile Include="Math\LinerTemplateDataProcess.cpp">
      <Filter>Math</Filter>
    </ClCompile>
    <ClCompile Include="Math\MathUtility.cpp">
      <Filter>Math</Filter>
    </ClCompile>
    <ClCompile Include="Math\Plane.cpp">
      <Filter>Math</Filter>
    </ClCompile>
    <ClCompile Include="Math\Vector3.cpp">
      <Filter>Math\Vector</Filter>
    </ClCompile>
    <ClCompile Include="Math\Vector4.cpp">
      <Filter>Math\Vector</Filter>
    </ClCompile>
    <ClCompile Include="Math\Matrix33.cpp">
      <Filter>Math\Matrix</Filter>
    </ClCompile>
    <ClCompile Include="Math\Matrix44.cpp">
      <Filter>Math\Matrix</Filter>
    </ClCompile>
    <ClCompile Include="Math\Quaternion.cpp">
      <Filter>Math\Matrix</Filter>
    </ClCompile>
    <ClCompile Include="Math\Curve.cpp">
      <Filter>Math\Curve</Filter>
    </ClCompile>
    <ClCompile Include="Math\CurveManager.cpp">
      <Filter>Math\Curve</Filter>
    </ClCompile>
    <ClCompile Include="Math\Bound.cpp">
      <Filter>Math\Collidision</Filter>
    </ClCompile>
    <ClCompile Include="Math\Collision.cpp">
      <Filter>Math\Collidision</Filter>
    </ClCompile>
    <ClCompile Include="Math\ValueSortingObject.cpp">
      <Filter>Math\Sorting</Filter>
    </ClCompile>
    <ClCompile Include="GameplayUT\CurveChanger.cpp">
      <Filter>GameplayUT\Path</Filter>
    </ClCompile>
    <ClCompile Include="GameplayUT\PathChaser.cpp">
      <Filter>GameplayUT\Path</Filter>
    </ClCompile>
    <ClCompile Include="GameplayUT\PathFinder.cpp">
      <Filter>GameplayUT\Path</Filter>
    </ClCompile>
    <ClCompile Include="GameplayUT\PhaseControl.cpp">
      <Filter>GameplayUT\Phase</Filter>
    </ClCompile>
    <ClCompile Include="GameplayUT\PhaseControlSample.cpp">
      <Filter>GameplayUT\Phase</Filter>
    </ClCompile>
    <ClCompile Include="GameplayUT\GameApp.cpp">
      <Filter>GameplayUT\GameApp</Filter>
    </ClCompile>
    <ClCompile Include="GameplayUT\AtgInput.cpp">
      <Filter>GameplayUT\GamePad</Filter>
    </ClCompile>
    <ClCompile Include="GameplayUT\MultiSelectOptionByMPDI.cpp">
      <Filter>GameplayUT\UI\MultiSelectOptionByMPDI</Filter>
    </ClCompile>
    <ClCompile Include="GameplayUT\Mouse_Touch.cpp">
      <Filter>GameplayUT\UI\MouseBehavior</Filter>
    </ClCompile>
    <ClCompile Include="GameplayUT\Mouse_TouchWithCancelButton.cpp">
      <Filter>GameplayUT\UI\MouseBehavior</Filter>
    </ClCompile>
    <ClCompile Include="GameplayUT\MultiTouchPoints.cpp">
      <Filter>GameplayUT\UI\MouseBehavior</Filter>
    </ClCompile>
    <ClCompile Include="GameplayUT\Sliderbar.cpp">
      <Filter>GameplayUT\UI\SliderBar</Filter>
    </ClCompile>
    <ClCompile Include="GameplayUT\3DScroller.cpp">
      <Filter>GameplayUT\UI\Scroller</Filter>
    </ClCompile>
    <ClCompile Include="GameplayUT\Scroller.cpp">
      <Filter>GameplayUT\UI\Scroller</Filter>
    </ClCompile>
    <ClCompile Include="GameplayUT\ImageWithSlider.cpp">
      <Filter>GameplayUT\UI\Tabpage</Filter>
    </ClCompile>
    <ClCompile Include="GameplayUT\MultiPage.cpp">
      <Filter>GameplayUT\UI\Tabpage</Filter>
    </ClCompile>
    <ClCompile Include="GameplayUT\Tabpage.cpp">
      <Filter>GameplayUT\UI\Tabpage</Filter>
    </ClCompile>
    <ClCompile Include="GameplayUT\AssembleImageButton.cpp">
      <Filter>GameplayUT\UI\Button</Filter>
    </ClCompile>
    <ClCompile Include="GameplayUT\FontFrame.cpp">
      <Filter>GameplayUT\UI\Button</Filter>
    </ClCompile>
    <ClCompile Include="GameplayUT\ImageButton.cpp">
      <Filter>GameplayUT\UI\Button</Filter>
    </ClCompile>
    <ClCompile Include="GameplayUT\MPDIStatusChanger.cpp">
      <Filter>GameplayUT\RenderStatusChanger</Filter>
    </ClCompile>
    <ClCompile Include="GameplayUT\ListValueChanger.cpp">
      <Filter>GameplayUT\ValueChange</Filter>
    </ClCompile>
    <ClCompile Include="GameplayUT\RestrictValue.cpp">
      <Filter>GameplayUT\ValueChange</Filter>
    </ClCompile>
    <ClCompile Include="GameplayUT\DataCurve\DataCurve.cpp">
      <Filter>GameplayUT\DataCurve</Filter>
    </ClCompile>
    <ClCompile Include="GameplayUT\StringCompress.cpp">
      <Filter>GameplayUT\StringCompress</Filter>
    </ClCompile>
    <ClCompile Include="GameplayUT\FMAnimationRuleEffectManager.cpp">
      <Filter>GameplayUT\FMAnimationRuleEffect</Filter>
    </ClCompile>
    <ClCompile Include="GameplayUT\FMAnimationRuleEffectQueuePlayer.cpp">
      <Filter>GameplayUT\FMAnimationRuleEffect</Filter>
    </ClCompile>
    <ClCompile Include="GameplayUT\BinaryFile.cpp">
      <Filter>GameplayUT\Binary</Filter>
    </ClCompile>
    <ClCompile Include="GameplayUT\ResourceStamp.cpp">
      <Filter>GameplayUT\ResourceStamp</Filter>
    </ClCompile>
    <ClCompile Include="GameplayUT\ObjectXMLParser.cpp">
      <Filter>GameplayUT\ObjectXMLParser</Filter>
    </ClCompile>
    <ClCompile Include="Physic\BulletShape.cpp">
      <Filter>Physic</Filter>
    </ClCompile>
    <ClCompile Include="Physic\2DImageCollisionData.cpp">
      <Filter>Physic\2DImageCollideData</Filter>
    </ClCompile>
    <ClCompile Include="SmartPointer.cpp">
      <Filter>Common\SmartPointer</Filter>
    </ClCompile>
    <ClCompile Include="NamedTypedObject.cpp">
      <Filter>Common\NamedTypedObject</Filter>
    </ClCompile>
    <ClCompile Include="StringID.cpp">
      <Filter>Common\NamedTypedObject</Filter>
    </ClCompile>
    <ClCompile Include="Glh.cpp">
      <Filter>Common\Crossplatform\OpenGL</Filter>
    </ClCompile>
    <ClCompile Include="GluForOpengles.cpp">
      <Filter>Common\Crossplatform\OpenGL</Filter>
    </ClCompile>
    <ClCompile Include="Particle\ParticleManager.cpp">
      <Filter>Particle</Filter>
    </ClCompile>
    <ClCompile Include="Particle\ParticleEmitter.cpp">
      <Filter>Particle\Emitter</Filter>
    </ClCompile>
    <ClCompile Include="Particle\ParticleEmitterBehavior.cpp">
      <Filter>Particle\Emitter</Filter>
    </ClCompile>
    <ClCompile Include="Particle\ParticleEmitterGroup.cpp">
      <Filter>Particle\Emitter</Filter>
    </ClCompile>
    <ClCompile Include="Particle\AllPolicyNameList.cpp">
      <Filter>Particle\Policy</Filter>
    </ClCompile>
    <ClCompile Include="Particle\PrtColor.cpp">
      <Filter>Particle\Policy\Color</Filter>
    </ClCompile>
    <ClCompile Include="Particle\PrtLife.cpp">
      <Filter>Particle\Policy\Life</Filter>
    </ClCompile>
    <ClCompile Include="Particle\PrtSize.cpp">
      <Filter>Particle\Policy\Size</Filter>
    </ClCompile>
    <ClCompile Include="Particle\PrtVelocity.cpp">
      <Filter>Particle\Policy\Velocity</Filter>
    </ClCompile>
    <ClCompile Include="Particle\PrtStartPosition.cpp">
      <Filter>Particle\Policy\StartPosition</Filter>
    </ClCompile>
    <ClCompile Include="Particle\PrtRotate.cpp">
      <Filter>Particle\Policy\Rotation</Filter>
    </ClCompile>
    <ClCompile Include="Particle\PrtTexture.cpp">
      <Filter>Particle\Policy\Texture</Filter>
    </ClCompile>
    <ClCompile Include="Particle\ParticleBase.cpp">
      <Filter>Particle\ParticleBase</Filter>
    </ClCompile>
    <ClCompile Include="Network\SDLnet.c">
      <Filter>NetWork</Filter>
    </ClCompile>
    <ClCompile Include="Network\SDLnetselect.c">
      <Filter>NetWork</Filter>
    </ClCompile>
    <ClCompile Include="Network\SDLnetTCP.c">
      <Filter>NetWork</Filter>
    </ClCompile>
    <ClCompile Include="Network\SDLnetUDP.c">
      <Filter>NetWork</Filter>
    </ClCompile>
    <ClCompile Include="Synchronization\FUCriticalSection.cpp">
      <Filter>Synchronization</Filter>
    </ClCompile>
    <ClCompile Include="Synchronization\FUSemaphore.cpp">
      <Filter>Synchronization</Filter>
    </ClCompile>
    <ClCompile Include="Synchronization\FUSynchronized.cpp">
      <Filter>Synchronization</Filter>
    </ClCompile>
    <ClCompile Include="Synchronization\FUThread.cpp">
      <Filter>Synchronization</Filter>
    </ClCompile>
    <ClCompile Include="Synchronization\FUThreadPool.cpp">
      <Filter>Synchronization</Filter>
    </ClCompile>
  </ItemGroup>
  <ItemGroup>
    <ClInclude Include="AllCoreInclude.h">
      <Filter>Header Files</Filter>
    </ClInclude>
    <ClInclude Include="stdafx.h">
      <Filter>Header Files</Filter>
    </ClInclude>
    <ClInclude Include="AllImageInclude.h">
      <Filter>RenderObject</Filter>
    </ClInclude>
    <ClInclude Include="Image\AnimationParser.h">
      <Filter>RenderObject\Parser\Animation</Filter>
    </ClInclude>
    <ClInclude Include="Image\MPDIDataParse.h">
      <Filter>RenderObject\Parser\Animation</Filter>
    </ClInclude>
    <ClInclude Include="Image\BinaryToTexture.h">
      <Filter>RenderObject\Parser\BinaryToTexture</Filter>
    </ClInclude>
    <ClInclude Include="Image\ImageParser.h">
      <Filter>RenderObject\Parser\Image</Filter>
    </ClInclude>
    <ClInclude Include="Image\GlyphFontRender.h">
      <Filter>RenderObject\Font</Filter>
    </ClInclude>
    <ClInclude Include="Glyph\GlyphReader.h">
      <Filter>RenderObject\Font\Glyph</Filter>
    </ClInclude>
    <ClInclude Include="Glyph\GlyphWriter.h">
      <Filter>RenderObject\Font\Glyph</Filter>
    </ClInclude>
    <ClInclude Include="Image\BaseImage.h">
      <Filter>RenderObject\Common</Filter>
    </ClInclude>
    <ClInclude Include="Image\NumeralImage.h">
      <Filter>RenderObject\Common</Filter>
    </ClInclude>
    <ClInclude Include="Image\RenderObjectBehavior.h">
      <Filter>RenderObject\Common</Filter>
    </ClInclude>
    <ClInclude Include="Image\SimplePrimitive.h">
      <Filter>RenderObject\Common</Filter>
    </ClInclude>
    <ClInclude Include="Image\FMAnimationRule.h">
      <Filter>RenderObject\FMAnimationRule</Filter>
    </ClInclude>
    <ClInclude Include="GLSL\GLSLUiniform.h">
      <Filter>RenderObject\GLSL</Filter>
    </ClInclude>
    <ClInclude Include="GLSL\Shader.h">
      <Filter>RenderObject\GLSL</Filter>
    </ClInclude>
    <ClInclude Include="GLSL\Water.h">
      <Filter>RenderObject\GLSL\Effect</Filter>
    </ClInclude>
    <ClInclude Include="Image\glLoadImage.h">
      <Filter>RenderObject\Texture</Filter>
    </ClInclude>
    <ClInclude Include="Image\pngLoader.h">
      <Filter>RenderObject\Texture\png</Filter>
    </ClInclude>
    <ClInclude Include="Image\MPDI.h">
      <Filter>RenderObject\MPDI</Filter>
    </ClInclude>
    <ClInclude Include="Image\MPDIForEditor.h">
      <Filter>RenderObject\MPDI</Filter>
    </ClInclude>
    <ClInclude Include="Image\SubMPDI.h">
      <Filter>RenderObject\MPDI</Filter>
    </ClInclude>
    <ClInclude Include="Image\SubMPDIRenderPointData.h">
      <Filter>RenderObject\MPDI</Filter>
    </ClInclude>
    <ClInclude Include="Image\VideoSubMPDI.h">
      <Filter>RenderObject\MPDI</Filter>
    </ClInclude>
    <ClInclude Include="Image\BaseUVImageData.h">
      <Filter>RenderObject\PuzzleImage</Filter>
    </ClInclude>
    <ClInclude Include="Image\PuzzleImage.h">
      <Filter>RenderObject\PuzzleImage</Filter>
    </ClInclude>
    <ClInclude Include="Image\FrameBuffer.h">
      <Filter>RenderObject\BufferObject</Filter>
    </ClInclude>
    <ClInclude Include="Image\VertexBufferObject.h">
      <Filter>RenderObject\BufferObject</Filter>
    </ClInclude>
    <ClInclude Include="XML\StringToStructure.h">
      <Filter>XML</Filter>
    </ClInclude>
    <ClInclude Include="XML\XMLLoader.h">
      <Filter>XML</Filter>
    </ClInclude>
    <ClInclude Include="XML\AtgXmlWriter.h">
      <Filter>XML\Writer</Filter>
    </ClInclude>
    <ClInclude Include="XML\tinystr.h">
      <Filter>XML\TinyXml</Filter>
    </ClInclude>
    <ClInclude Include="XML\tinyxml.h">
      <Filter>XML\TinyXml</Filter>
    </ClInclude>
    <ClInclude Include="AllCameraInclude.h">
      <Filter>Camera</Filter>
    </ClInclude>
    <ClInclude Include="Camera\CameraAnimation.h">
      <Filter>Camera</Filter>
    </ClInclude>
    <ClInclude Include="Camera\DrawSelectRectangleByMouse.h">
      <Filter>Camera</Filter>
    </ClInclude>
    <ClInclude Include="Camera\MouseCamera.h">
      <Filter>Camera</Filter>
    </ClInclude>
    <ClInclude Include="Camera\OrthogonalCamera.h">
      <Filter>Camera</Filter>
    </ClInclude>
    <ClInclude Include="Camera\SimpleCamera.h">
      <Filter>Camera</Filter>
    </ClInclude>
    <ClInclude Include="Camera\SplitScreenCamera.h">
      <Filter>Camera</Filter>
    </ClInclude>
    <ClInclude Include="Sound\OpenAlOgg.h">
      <Filter>Sound</Filter>
    </ClInclude>
    <ClInclude Include="Sound\OpenAlWavFile.h">
      <Filter>Sound</Filter>
    </ClInclude>
    <ClInclude Include="Sound\SoundManager.h">
      <Filter>Sound</Filter>
    </ClInclude>
    <ClInclude Include="Sound\SoundShell.h">
      <Filter>Sound</Filter>
    </ClInclude>
    <ClInclude Include="AVIPlayer\avi_utils.h">
      <Filter>AVIPlayer</Filter>
    </ClInclude>
    <ClInclude Include="AVIPlayer\AVIPlayer.h">
      <Filter>AVIPlayer</Filter>
    </ClInclude>
    <ClInclude Include="AVIPlayer\FFMpegPlayer.h">
      <Filter>AVIPlayer</Filter>
    </ClInclude>
    <ClInclude Include="AVIPlayer\FFMpegPlayerBySDL.h">
      <Filter>AVIPlayer</Filter>
    </ClInclude>
    <ClInclude Include="AllMathInclude.h">
      <Filter>Math</Filter>
    </ClInclude>
    <ClInclude Include="Math\Frame.h">
      <Filter>Math</Filter>
    </ClInclude>
    <ClInclude Include="Math\Line.h">
      <Filter>Math</Filter>
    </ClInclude>
    <ClInclude Include="Math\LinerTemplateDataProcess.h">
      <Filter>Math</Filter>
    </ClInclude>
    <ClInclude Include="Math\MathTemplateUtility.h">
      <Filter>Math</Filter>
    </ClInclude>
    <ClInclude Include="Math\MathUtility.h">
      <Filter>Math</Filter>
    </ClInclude>
    <ClInclude Include="Math\Plane.h">
      <Filter>Math</Filter>
    </ClInclude>
    <ClInclude Include="Math\Vector2.h">
      <Filter>Math\Vector</Filter>
    </ClInclude>
    <ClInclude Include="Math\Vector3.h">
      <Filter>Math\Vector</Filter>
    </ClInclude>
    <ClInclude Include="Math\Vector4.h">
      <Filter>Math\Vector</Filter>
    </ClInclude>
    <ClInclude Include="Math\Matrix33.h">
      <Filter>Math\Matrix</Filter>
    </ClInclude>
    <ClInclude Include="Math\Matrix44.h">
      <Filter>Math\Matrix</Filter>
    </ClInclude>
    <ClInclude Include="Math\Quaternion.h">
      <Filter>Math\Matrix</Filter>
    </ClInclude>
    <ClInclude Include="Math\Curve.h">
      <Filter>Math\Curve</Filter>
    </ClInclude>
    <ClInclude Include="Math\CurveManager.h">
      <Filter>Math\Curve</Filter>
    </ClInclude>
    <ClInclude Include="Math\Bound.h">
      <Filter>Math\Collidision</Filter>
    </ClInclude>
    <ClInclude Include="Math\Collision.h">
      <Filter>Math\Collidision</Filter>
    </ClInclude>
    <ClInclude Include="Math\ValueSortingObject.h">
      <Filter>Math\Sorting</Filter>
    </ClInclude>
    <ClInclude Include="GameplayUT\AllGamePlayUTInclude.h">
      <Filter>GameplayUT</Filter>
    </ClInclude>
    <ClInclude Include="GameplayUT\GameUTDefine.h">
      <Filter>GameplayUT</Filter>
    </ClInclude>
    <ClInclude Include="GameplayUT\CurveChanger.h">
      <Filter>GameplayUT\Path</Filter>
    </ClInclude>
    <ClInclude Include="GameplayUT\PathChaser.h">
      <Filter>GameplayUT\Path</Filter>
    </ClInclude>
    <ClInclude Include="GameplayUT\PathFinder.h">
      <Filter>GameplayUT\Path</Filter>
    </ClInclude>
    <ClInclude Include="GameplayUT\PhaseControl.h">
      <Filter>GameplayUT\Phase</Filter>
    </ClInclude>
    <ClInclude Include="GameplayUT\PhaseControlSample.h">
      <Filter>GameplayUT\Phase</Filter>
    </ClInclude>
    <ClInclude Include="GameplayUT\GameApp.h">
      <Filter>GameplayUT\GameApp</Filter>
    </ClInclude>
    <ClInclude Include="GameplayUT\AtgInput.h">
      <Filter>GameplayUT\GamePad</Filter>
    </ClInclude>
    <ClInclude Include="GameplayUT\MultiSelectOptionByMPDI.h">
      <Filter>GameplayUT\UI\MultiSelectOptionByMPDI</Filter>
    </ClInclude>
    <ClInclude Include="GameplayUT\Mouse_Touch.h">
      <Filter>GameplayUT\UI\MouseBehavior</Filter>
    </ClInclude>
    <ClInclude Include="GameplayUT\Mouse_TouchWithCancelButton.h">
      <Filter>GameplayUT\UI\MouseBehavior</Filter>
    </ClInclude>
    <ClInclude Include="GameplayUT\MultiTouchPoints.h">
      <Filter>GameplayUT\UI\MouseBehavior</Filter>
    </ClInclude>
    <ClInclude Include="GameplayUT\Sliderbar.h">
      <Filter>GameplayUT\UI\SliderBar</Filter>
    </ClInclude>
    <ClInclude Include="GameplayUT\3DScroller.h">
      <Filter>GameplayUT\UI\Scroller</Filter>
    </ClInclude>
    <ClInclude Include="GameplayUT\Scroller.h">
      <Filter>GameplayUT\UI\Scroller</Filter>
    </ClInclude>
    <ClInclude Include="GameplayUT\ImageWithSlider.h">
      <Filter>GameplayUT\UI\Tabpage</Filter>
    </ClInclude>
    <ClInclude Include="GameplayUT\MultiPage.h">
      <Filter>GameplayUT\UI\Tabpage</Filter>
    </ClInclude>
    <ClInclude Include="GameplayUT\Tabpage.h">
      <Filter>GameplayUT\UI\Tabpage</Filter>
    </ClInclude>
    <ClInclude Include="GameplayUT\AssembleImageButton.h">
      <Filter>GameplayUT\UI\Button</Filter>
    </ClInclude>
    <ClInclude Include="GameplayUT\FontFrame.h">
      <Filter>GameplayUT\UI\Button</Filter>
    </ClInclude>
    <ClInclude Include="GameplayUT\ImageButton.h">
      <Filter>GameplayUT\UI\Button</Filter>
    </ClInclude>
    <ClInclude Include="GameplayUT\MPDIStatusChanger.h">
      <Filter>GameplayUT\RenderStatusChanger</Filter>
    </ClInclude>
    <ClInclude Include="GameplayUT\ListValueChanger.h">
      <Filter>GameplayUT\ValueChange</Filter>
    </ClInclude>
    <ClInclude Include="GameplayUT\RestrictValue.h">
      <Filter>GameplayUT\ValueChange</Filter>
    </ClInclude>
    <ClInclude Include="GameplayUT\DataCurve\DataCurve.h">
      <Filter>GameplayUT\DataCurve</Filter>
    </ClInclude>
    <ClInclude Include="GameplayUT\StringCompress.h">
      <Filter>GameplayUT\StringCompress</Filter>
    </ClInclude>
    <ClInclude Include="GameplayUT\FMAnimationRuleEffectManager.h">
      <Filter>GameplayUT\FMAnimationRuleEffect</Filter>
    </ClInclude>
    <ClInclude Include="GameplayUT\FMAnimationRuleEffectQueuePlayer.h">
      <Filter>GameplayUT\FMAnimationRuleEffect</Filter>
    </ClInclude>
    <ClInclude Include="GameplayUT\BinaryFile.h">
      <Filter>GameplayUT\Binary</Filter>
    </ClInclude>
    <ClInclude Include="GameplayUT\ResourceStamp.h">
      <Filter>GameplayUT\ResourceStamp</Filter>
    </ClInclude>
    <ClInclude Include="GameplayUT\ObjectXMLParser.h">
      <Filter>GameplayUT\ObjectXMLParser</Filter>
    </ClInclude>
    <ClInclude Include="AllPhysicInclude.h">
      <Filter>Physic</Filter>
    </ClInclude>
    <ClInclude Include="Physic\BulletShape.h">
      <Filter>Physic</Filter>
    </ClInclude>
    <ClInclude Include="Physic\2DImageCollisionData.h">
      <Filter>Physic\2DImageCollideData</Filter>
    </ClInclude>
    <ClInclude Include="TimeUT.h">
      <Filter>Common</Filter>
    </ClInclude>
    <ClInclude Include="Utility.h">
      <Filter>Common</Filter>
    </ClInclude>
    <ClInclude Include="SmartPointer.h">
      <Filter>Common\SmartPointer</Filter>
    </ClInclude>
    <ClInclude Include="NamedTypedObject.h">
      <Filter>Common\NamedTypedObject</Filter>
    </ClInclude>
    <ClInclude Include="StringID.h">
      <Filter>Common\NamedTypedObject</Filter>
    </ClInclude>
    <ClInclude Include="MapCellDataContainer.h">
      <Filter>Common\Template</Filter>
    </ClInclude>
    <ClInclude Include="TempContainer.h">
      <Filter>Common\Template</Filter>
    </ClInclude>
    <ClInclude Include="TemplateClass.h">
      <Filter>Common\Template</Filter>
    </ClInclude>
    <ClInclude Include="TwoDimensionDataContainer.h">
      <Filter>Common\Template</Filter>
    </ClInclude>
    <ClInclude Include="CommonDefine.h">
      <Filter>Common\Crossplatform</Filter>
    </ClInclude>
    <ClInclude Include="PlafFormDefine.h">
      <Filter>Common\Crossplatform</Filter>
    </ClInclude>
    <ClInclude Include="VS_TO_GNN.h">
      <Filter>Common\Crossplatform</Filter>
    </ClInclude>
    <ClInclude Include="Glh.h">
      <Filter>Common\Crossplatform\OpenGL</Filter>
    </ClInclude>
    <ClInclude Include="Particle\AllParticleInclude.h">
      <Filter>Particle</Filter>
    </ClInclude>
    <ClInclude Include="Particle\ParticleManager.h">
      <Filter>Particle</Filter>
    </ClInclude>
    <ClInclude Include="Particle\ParticleEmitter.h">
      <Filter>Particle\Emitter</Filter>
    </ClInclude>
    <ClInclude Include="Particle\ParticleEmitterBehavior.h">
      <Filter>Particle\Emitter</Filter>
    </ClInclude>
    <ClInclude Include="Particle\ParticleEmitterGroup.h">
      <Filter>Particle\Emitter</Filter>
    </ClInclude>
    <ClInclude Include="Particle\AllPolicyNameList.h">
      <Filter>Particle\Policy</Filter>
    </ClInclude>
    <ClInclude Include="Particle\PrtColor.h">
      <Filter>Particle\Policy\Color</Filter>
    </ClInclude>
    <ClInclude Include="Particle\PrtLife.h">
      <Filter>Particle\Policy\Life</Filter>
    </ClInclude>
    <ClInclude Include="Particle\PrtSize.h">
      <Filter>Particle\Policy\Size</Filter>
    </ClInclude>
    <ClInclude Include="Particle\PrtVelocity.h">
      <Filter>Particle\Policy\Velocity</Filter>
    </ClInclude>
    <ClInclude Include="Particle\PrtStartPosition.h">
      <Filter>Particle\Policy\StartPosition</Filter>
    </ClInclude>
    <ClInclude Include="Particle\PrtRotate.h">
      <Filter>Particle\Policy\Rotation</Filter>
    </ClInclude>
    <ClInclude Include="Particle\PrtTexture.h">
      <Filter>Particle\Policy\Texture</Filter>
    </ClInclude>
    <ClInclude Include="Particle\ParticleBase.h">
      <Filter>Particle\ParticleBase</Filter>
    </ClInclude>
    <ClInclude Include="Particle\ParticleType.h">
      <Filter>Particle\ParticleBase</Filter>
    </ClInclude>
    <ClInclude Include="Network\begin_code.h">
      <Filter>NetWork</Filter>
    </ClInclude>
    <ClInclude Include="Network\Network.h">
      <Filter>NetWork</Filter>
    </ClInclude>
    <ClInclude Include="Network\SDL_endian.h">
      <Filter>NetWork</Filter>
    </ClInclude>
    <ClInclude Include="Network\SDL_net.h">
      <Filter>NetWork</Filter>
    </ClInclude>
    <ClInclude Include="Network\SDLnetsys.h">
      <Filter>NetWork</Filter>
    </ClInclude>
    <ClInclude Include="Synchronization\AllFUThreadInclude.h">
      <Filter>Synchronization</Filter>
    </ClInclude>
    <ClInclude Include="Synchronization\FUCriticalSection.h">
      <Filter>Synchronization</Filter>
    </ClInclude>
    <ClInclude Include="Synchronization\FUFunctor.h">
      <Filter>Synchronization</Filter>
    </ClInclude>
    <ClInclude Include="Synchronization\FUSemaphore.h">
      <Filter>Synchronization</Filter>
    </ClInclude>
    <ClInclude Include="Synchronization\FUSynchronized.h">
      <Filter>Synchronization</Filter>
    </ClInclude>
    <ClInclude Include="Synchronization\FUThread.h">
      <Filter>Synchronization</Filter>
    </ClInclude>
    <ClInclude Include="Synchronization\FUThreadPool.h">
      <Filter>Synchronization</Filter>
    </ClInclude>
    <ClInclude Include="Synchronization\FUThreadRef.h">
      <Filter>Synchronization</Filter>
    </ClInclude>
    <ClInclude Include="Android\AndroidJNI.h">
      <Filter>AndroidJNI</Filter>
    </ClInclude>
  </ItemGroup>
  <ItemGroup>
    <Text Include="Log.txt">
      <Filter>Header Files</Filter>
    </Text>
  </ItemGroup>
  <ItemGroup>
    <None Include="Glyph\GlyphReader.mm">
      <Filter>RenderObject\Font\Glyph</Filter>
    </None>
    <None Include="Image\SimplePrimitive.mm">
      <Filter>RenderObject\Common</Filter>
    </None>
    <None Include="Image\glLoadImage.mm">
      <Filter>RenderObject\Texture</Filter>
    </None>
    <None Include="XML\XmlLoader.mm">
      <Filter>XML</Filter>
    </None>
    <None Include="Camera\OrthogonalCamera.mm">
      <Filter>Camera</Filter>
    </None>
    <None Include="Sound\SoundManager.mm">
      <Filter>Sound</Filter>
    </None>
    <None Include="TimeUT.mm">
      <Filter>Common</Filter>
    </None>
    <None Include="Utility.mm">
      <Filter>Common</Filter>
    </None>
    <None Include="Network\Network.mm">
      <Filter>NetWork</Filter>
    </None>
  </ItemGroup>
</Project>