<?xml version="1.0" encoding="utf-8"?>
<Project ToolsVersion="4.0" xmlns="http://schemas.microsoft.com/developer/msbuild/2003">
  <ItemGroup>
    <Filter Include="Player">
      <UniqueIdentifier>{79629c15-0708-40c7-be39-9e84d6a694d1}</UniqueIdentifier>
    </Filter>
    <Filter Include="Weapon">
      <UniqueIdentifier>{c8f7e324-b519-4ca7-b2de-2b3abe6478b9}</UniqueIdentifier>
    </Filter>
    <Filter Include="WinMoneyEffect">
      <UniqueIdentifier>{f12c89c8-dcf6-4f02-886d-a96e616cd248}</UniqueIdentifier>
    </Filter>
  </ItemGroup>
  <ItemGroup>
    <ClCompile Include="PlayerBehaviorBase.cpp">
      <Filter>Player</Filter>
    </ClCompile>
    <ClCompile Include="PlayerData.cpp">
      <Filter>Player</Filter>
    </ClCompile>
    <ClCompile Include="Weapon.cpp">
      <Filter>Weapon</Filter>
    </ClCompile>
    <ClCompile Include="CoinEffect.cpp">
      <Filter>WinMoneyEffect</Filter>
    </ClCompile>
    <ClCompile Include="CoinStack.cpp">
      <Filter>WinMoneyEffect</Filter>
    </ClCompile>
    <ClCompile Include="CoinStackEffect.cpp">
      <Filter>WinMoneyEffect</Filter>
    </ClCompile>
    <ClCompile Include="PrizeEffect.cpp">
      <Filter>WinMoneyEffect</Filter>
    </ClCompile>
    <ClCompile Include="SingleCoinEffectAnimation.cpp">
      <Filter>WinMoneyEffect</Filter>
    </ClCompile>
    <ClCompile Include="WinMoneyEffect.cpp">
      <Filter>WinMoneyEffect</Filter>
    </ClCompile>
    <ClCompile Include="WinMoneyEffectBase.cpp">
      <Filter>WinMoneyEffect</Filter>
    </ClCompile>
    <ClCompile Include="stdafx.cpp" />
  </ItemGroup>
  <ItemGroup>
    <ClInclude Include="PlayerBehaviorBase.h">
      <Filter>Player</Filter>
    </ClInclude>
    <ClInclude Include="PlayerData.h">
      <Filter>Player</Filter>
    </ClInclude>
    <ClInclude Include="Weapon.h">
      <Filter>Weapon</Filter>
    </ClInclude>
    <ClInclude Include="CoinEffect.h">
      <Filter>WinMoneyEffect</Filter>
    </ClInclude>
    <ClInclude Include="CoinStack.h">
      <Filter>WinMoneyEffect</Filter>
    </ClInclude>
    <ClInclude Include="CoinStackEffect.h">
      <Filter>WinMoneyEffect</Filter>
    </ClInclude>
    <ClInclude Include="PrizeEffect.h">
      <Filter>WinMoneyEffect</Filter>
    </ClInclude>
    <ClInclude Include="SingleCoinEffectAnimation.h">
      <Filter>WinMoneyEffect</Filter>
    </ClInclude>
    <ClInclude Include="WinMoneyEffect.h">
      <Filter>WinMoneyEffect</Filter>
    </ClInclude>
    <ClInclude Include="WinMoneyEffectBase.h">
      <Filter>WinMoneyEffect</Filter>
    </ClInclude>
    <ClInclude Include="stdafx.h" />
  </ItemGroup>
</Project>