<?xml version="1.0" encoding="utf-8"?>
<Project ToolsVersion="4.0" xmlns="http://schemas.microsoft.com/developer/msbuild/2003">
  <ItemGroup>
    <Filter Include="Source Files">
      <UniqueIdentifier>{4FC737F1-C7A5-4376-A066-2A32D752A2FF}</UniqueIdentifier>
      <Extensions>cpp;c;cc;cxx;c++;cppm;ixx;def;odl;idl;hpj;bat;asm;asmx</Extensions>
    </Filter>
    <Filter Include="Header Files">
      <UniqueIdentifier>{93995380-89BD-4b04-88EB-625FBE52EBFB}</UniqueIdentifier>
      <Extensions>h;hh;hpp;hxx;h++;hm;inl;inc;ipp;xsd</Extensions>
    </Filter>
    <Filter Include="Game">
      <UniqueIdentifier>{1793d794-cbf7-46cb-85e9-1fb0a327945f}</UniqueIdentifier>
    </Filter>
    <Filter Include="Game\GameBullet">
      <UniqueIdentifier>{e4e3ae95-2cf2-47cb-bbd1-35539eea1e39}</UniqueIdentifier>
    </Filter>
    <Filter Include="Game\GameEffect">
      <UniqueIdentifier>{b916bf7f-a343-43a9-a918-4dad5d11584f}</UniqueIdentifier>
    </Filter>
    <Filter Include="Game\MiniGame">
      <UniqueIdentifier>{697bca4c-5c78-4ff0-8b1b-684664bd18af}</UniqueIdentifier>
    </Filter>
    <Filter Include="Game\Monster">
      <UniqueIdentifier>{5099fc9d-fe67-4be3-a3b8-d9dfee19d89f}</UniqueIdentifier>
    </Filter>
    <Filter Include="Game\ControlPanel">
      <UniqueIdentifier>{4bedf7d6-cda0-4a4e-8458-c3421829f320}</UniqueIdentifier>
    </Filter>
    <Filter Include="Game\PlayerBehavior">
      <UniqueIdentifier>{cb5fc11d-da1a-4f61-8146-c4bbdfa0ee48}</UniqueIdentifier>
    </Filter>
    <Filter Include="Game\ProbabilityFish">
      <UniqueIdentifier>{0540f3db-f146-4fa6-85b4-53f98c98addc}</UniqueIdentifier>
    </Filter>
    <Filter Include="Game\ProbabilityFish\BulletBank">
      <UniqueIdentifier>{b608d880-317b-4f82-9bec-1e01a5e05d09}</UniqueIdentifier>
    </Filter>
  </ItemGroup>
  <ItemGroup>
    <ClInclude Include="stdafx.h">
      <Filter>Header Files</Filter>
    </ClInclude>
    <ClInclude Include="Monster\FishDiedEffect.h">
      <Filter>Game\Monster</Filter>
    </ClInclude>
    <ClInclude Include="Monster\FishGroup.h">
      <Filter>Game\Monster</Filter>
    </ClInclude>
    <ClInclude Include="Monster\FishMultiCollision.h">
      <Filter>Game\Monster</Filter>
    </ClInclude>
    <ClInclude Include="Monster\FishNormal.h">
      <Filter>Game\Monster</Filter>
    </ClInclude>
    <ClInclude Include="Monster\Monster.h">
      <Filter>Game\Monster</Filter>
    </ClInclude>
    <ClInclude Include="Monster\MonsterGenerate.h">
      <Filter>Game\Monster</Filter>
    </ClInclude>
    <ClInclude Include="Monster\MonsterManager.h">
      <Filter>Game\Monster</Filter>
    </ClInclude>
    <ClInclude Include="GameBullet\Bullet.h">
      <Filter>Game\GameBullet</Filter>
    </ClInclude>
    <ClInclude Include="GameBullet\BulletData.h">
      <Filter>Game\GameBullet</Filter>
    </ClInclude>
    <ClInclude Include="GameBullet\BulletManager.h">
      <Filter>Game\GameBullet</Filter>
    </ClInclude>
    <ClInclude Include="GameBullet\BulletPlayer.h">
      <Filter>Game\GameBullet</Filter>
    </ClInclude>
    <ClInclude Include="GameEffect\AllGameEffectInclude.h">
      <Filter>Game\GameEffect</Filter>
    </ClInclude>
    <ClInclude Include="GameEffect\GameEffectBase.h">
      <Filter>Game\GameEffect</Filter>
    </ClInclude>
    <ClInclude Include="GameEffect\GameEffectCardMarquee.h">
      <Filter>Game\GameEffect</Filter>
    </ClInclude>
    <ClInclude Include="GameEffect\GameEffectScoreWithCoin.h">
      <Filter>Game\GameEffect</Filter>
    </ClInclude>
    <ClInclude Include="MiniGame\MiniGameActiverAllFishesFreeze.h">
      <Filter>Game\MiniGame</Filter>
    </ClInclude>
    <ClInclude Include="MiniGame\MiniGameActiverAreaBomb.h">
      <Filter>Game\MiniGame</Filter>
    </ClInclude>
    <ClInclude Include="MiniGame\MiniGameActiverFullScreenBomb.h">
      <Filter>Game\MiniGame</Filter>
    </ClInclude>
    <ClInclude Include="MiniGame\MiniGameActiverPowerUp.h">
      <Filter>Game\MiniGame</Filter>
    </ClInclude>
    <ClInclude Include="MiniGame\MiniGameBase.h">
      <Filter>Game\MiniGame</Filter>
    </ClInclude>
    <ClInclude Include="MiniGame\MiniGameManager.h">
      <Filter>Game\MiniGame</Filter>
    </ClInclude>
    <ClInclude Include="PlayerBehavior\CoinEffect.h">
      <Filter>Game\PlayerBehavior</Filter>
    </ClInclude>
    <ClInclude Include="PlayerBehavior\CoinStack.h">
      <Filter>Game\PlayerBehavior</Filter>
    </ClInclude>
    <ClInclude Include="PlayerBehavior\CoinStackEffect.h">
      <Filter>Game\PlayerBehavior</Filter>
    </ClInclude>
    <ClInclude Include="PlayerBehavior\PlayerBehaviorBase.h">
      <Filter>Game\PlayerBehavior</Filter>
    </ClInclude>
    <ClInclude Include="PlayerBehavior\PlayerData.h">
      <Filter>Game\PlayerBehavior</Filter>
    </ClInclude>
    <ClInclude Include="PlayerBehavior\PrizeEffect.h">
      <Filter>Game\PlayerBehavior</Filter>
    </ClInclude>
    <ClInclude Include="PlayerBehavior\SingleCoinEffectAnimation.h">
      <Filter>Game\PlayerBehavior</Filter>
    </ClInclude>
    <ClInclude Include="PlayerBehavior\Weapon.h">
      <Filter>Game\PlayerBehavior</Filter>
    </ClInclude>
    <ClInclude Include="PlayerBehavior\WinMoneyEffect.h">
      <Filter>Game\PlayerBehavior</Filter>
    </ClInclude>
    <ClInclude Include="PlayerBehavior\WinMoneyEffectBase.h">
      <Filter>Game\PlayerBehavior</Filter>
    </ClInclude>
    <ClInclude Include="ProbabilityFish\FileSaver.h">
      <Filter>Game\ProbabilityFish</Filter>
    </ClInclude>
    <ClInclude Include="ProbabilityFish\FishProbability.h">
      <Filter>Game\ProbabilityFish</Filter>
    </ClInclude>
    <ClInclude Include="ProbabilityFish\BulletBank\BankFormat.h">
      <Filter>Game\ProbabilityFish\BulletBank</Filter>
    </ClInclude>
    <ClInclude Include="ProbabilityFish\BulletBank\BankMode.h">
      <Filter>Game\ProbabilityFish\BulletBank</Filter>
    </ClInclude>
    <ClInclude Include="ProbabilityFish\BulletBank\BankNegativeMode.h">
      <Filter>Game\ProbabilityFish\BulletBank</Filter>
    </ClInclude>
    <ClInclude Include="ProbabilityFish\BulletBank\BankPossitiveMode.h">
      <Filter>Game\ProbabilityFish\BulletBank</Filter>
    </ClInclude>
    <ClInclude Include="ProbabilityFish\BulletBank\BankRunner.h">
      <Filter>Game\ProbabilityFish\BulletBank</Filter>
    </ClInclude>
    <ClInclude Include="ProbabilityFish\BulletBank\BulletDataAndBankRepositorManager.h">
      <Filter>Game\ProbabilityFish\BulletBank</Filter>
    </ClInclude>
    <ClInclude Include="ProbabilityFish\BulletBank\FakeRevenue.h">
      <Filter>Game\ProbabilityFish\BulletBank</Filter>
    </ClInclude>
    <ClInclude Include="ControlPanel\ControlPanel.h">
      <Filter>Game\ControlPanel</Filter>
    </ClInclude>
    <ClInclude Include="ControlPanel\MouseTrigger.h">
      <Filter>Game\ControlPanel</Filter>
    </ClInclude>
    <ClInclude Include="ControlPanel\ValueChangerActiver.h">
      <Filter>Game\ControlPanel</Filter>
    </ClInclude>
  </ItemGroup>
  <ItemGroup>
    <ClCompile Include="stdafx.cpp">
      <Filter>Source Files</Filter>
    </ClCompile>
    <ClCompile Include="Monster\FishDiedEffect.cpp">
      <Filter>Game\Monster</Filter>
    </ClCompile>
    <ClCompile Include="Monster\FishGroup.cpp">
      <Filter>Game\Monster</Filter>
    </ClCompile>
    <ClCompile Include="Monster\FishMultiCollision.cpp">
      <Filter>Game\Monster</Filter>
    </ClCompile>
    <ClCompile Include="Monster\FishNormal.cpp">
      <Filter>Game\Monster</Filter>
    </ClCompile>
    <ClCompile Include="Monster\Monster.cpp">
      <Filter>Game\Monster</Filter>
    </ClCompile>
    <ClCompile Include="Monster\MonsterGenerate.cpp">
      <Filter>Game\Monster</Filter>
    </ClCompile>
    <ClCompile Include="Monster\MonsterManager.cpp">
      <Filter>Game\Monster</Filter>
    </ClCompile>
    <ClCompile Include="GameBullet\Bullet.cpp">
      <Filter>Game\GameBullet</Filter>
    </ClCompile>
    <ClCompile Include="GameBullet\BulletManager.cpp">
      <Filter>Game\GameBullet</Filter>
    </ClCompile>
    <ClCompile Include="GameBullet\BulletPlayer.cpp">
      <Filter>Game\GameBullet</Filter>
    </ClCompile>
    <ClCompile Include="GameEffect\GameEffectBase.cpp">
      <Filter>Game\GameEffect</Filter>
    </ClCompile>
    <ClCompile Include="GameEffect\GameEffectCardMarquee.cpp">
      <Filter>Game\GameEffect</Filter>
    </ClCompile>
    <ClCompile Include="GameEffect\GameEffectDataParse.cpp">
      <Filter>Game\GameEffect</Filter>
    </ClCompile>
    <ClCompile Include="GameEffect\GameEffectScoreWithCoin.cpp">
      <Filter>Game\GameEffect</Filter>
    </ClCompile>
    <ClCompile Include="MiniGame\MiniGameActiverAllFishesFreeze.cpp">
      <Filter>Game\MiniGame</Filter>
    </ClCompile>
    <ClCompile Include="MiniGame\MiniGameActiverAreaBomb.cpp">
      <Filter>Game\MiniGame</Filter>
    </ClCompile>
    <ClCompile Include="MiniGame\MiniGameActiverFullScreenBomb.cpp">
      <Filter>Game\MiniGame</Filter>
    </ClCompile>
    <ClCompile Include="MiniGame\MiniGameActiverPowerUp.cpp">
      <Filter>Game\MiniGame</Filter>
    </ClCompile>
    <ClCompile Include="MiniGame\MiniGameBase.cpp">
      <Filter>Game\MiniGame</Filter>
    </ClCompile>
    <ClCompile Include="MiniGame\MiniGameManager.cpp">
      <Filter>Game\MiniGame</Filter>
    </ClCompile>
    <ClCompile Include="PlayerBehavior\CoinEffect.cpp">
      <Filter>Game\PlayerBehavior</Filter>
    </ClCompile>
    <ClCompile Include="PlayerBehavior\CoinStack.cpp">
      <Filter>Game\PlayerBehavior</Filter>
    </ClCompile>
    <ClCompile Include="PlayerBehavior\CoinStackEffect.cpp">
      <Filter>Game\PlayerBehavior</Filter>
    </ClCompile>
    <ClCompile Include="PlayerBehavior\PlayerBehaviorBase.cpp">
      <Filter>Game\PlayerBehavior</Filter>
    </ClCompile>
    <ClCompile Include="PlayerBehavior\PlayerData.cpp">
      <Filter>Game\PlayerBehavior</Filter>
    </ClCompile>
    <ClCompile Include="PlayerBehavior\PrizeEffect.cpp">
      <Filter>Game\PlayerBehavior</Filter>
    </ClCompile>
    <ClCompile Include="PlayerBehavior\SingleCoinEffectAnimation.cpp">
      <Filter>Game\PlayerBehavior</Filter>
    </ClCompile>
    <ClCompile Include="PlayerBehavior\Weapon.cpp">
      <Filter>Game\PlayerBehavior</Filter>
    </ClCompile>
    <ClCompile Include="PlayerBehavior\WinMoneyEffect.cpp">
      <Filter>Game\PlayerBehavior</Filter>
    </ClCompile>
    <ClCompile Include="PlayerBehavior\WinMoneyEffectBase.cpp">
      <Filter>Game\PlayerBehavior</Filter>
    </ClCompile>
    <ClCompile Include="ProbabilityFish\FileSaver.cpp">
      <Filter>Game\ProbabilityFish</Filter>
    </ClCompile>
    <ClCompile Include="ProbabilityFish\FishProbability.cpp">
      <Filter>Game\ProbabilityFish</Filter>
    </ClCompile>
    <ClCompile Include="ProbabilityFish\BulletBank\BankFormat.cpp">
      <Filter>Game\ProbabilityFish\BulletBank</Filter>
    </ClCompile>
    <ClCompile Include="ProbabilityFish\BulletBank\BankMode.cpp">
      <Filter>Game\ProbabilityFish\BulletBank</Filter>
    </ClCompile>
    <ClCompile Include="ProbabilityFish\BulletBank\BankNegativeMode.cpp">
      <Filter>Game\ProbabilityFish\BulletBank</Filter>
    </ClCompile>
    <ClCompile Include="ProbabilityFish\BulletBank\BankPossitiveMode.cpp">
      <Filter>Game\ProbabilityFish\BulletBank</Filter>
    </ClCompile>
    <ClCompile Include="ProbabilityFish\BulletBank\BankRunner.cpp">
      <Filter>Game\ProbabilityFish\BulletBank</Filter>
    </ClCompile>
    <ClCompile Include="ProbabilityFish\BulletBank\BulletDataAndBankRepositorManager.cpp">
      <Filter>Game\ProbabilityFish\BulletBank</Filter>
    </ClCompile>
    <ClCompile Include="ProbabilityFish\BulletBank\FakeRevenue.cpp">
      <Filter>Game\ProbabilityFish\BulletBank</Filter>
    </ClCompile>
    <ClCompile Include="ControlPanel\ControlPanel.cpp">
      <Filter>Game\ControlPanel</Filter>
    </ClCompile>
    <ClCompile Include="ControlPanel\ExternalFunction.cpp">
      <Filter>Game\ControlPanel</Filter>
    </ClCompile>
    <ClCompile Include="ControlPanel\MouseTrigger.cpp">
      <Filter>Game\ControlPanel</Filter>
    </ClCompile>
    <ClCompile Include="ControlPanel\ValueChangerActiver.cpp">
      <Filter>Game\ControlPanel</Filter>
    </ClCompile>
  </ItemGroup>
</Project>